
Microsoft Visual Studio Solution File, Format Version 11.00
# Visual Studio 2010
Project("{8BC9CEB8-8B4A-11D0-8D11-00A0C91BC942}") = "App_BulletExampleBrowser", "App_BulletExampleBrowser.vcxproj", "{ED3FBFDB-7A92-D34F-9AF4-1AE918597229}"
	ProjectSection(ProjectDependencies) = postProject
		{A4DEA0EF-F0FE-BC4D-83BB-768F6C57B91C} = {A4DEA0EF-F0FE-BC4D-83BB-768F6C57B91C}
		{88700475-2ABD-7745-82A5-C7C640EA2B17} = {88700475-2ABD-7745-82A5-C7C640EA2B17}
		{14149DE0-DCA5-EF48-A231-D937B51A5EB6} = {14149DE0-DCA5-EF48-A231-D937B51A5EB6}
		{6739BFE3-A484-6445-850D-7CEBF8EB1D63} = {6739BFE3-A484-6445-850D-7CEBF8EB1D63}
		{10DC066A-68FD-6F4D-9ED2-6180144A34E1} = {10DC066A-68FD-6F4D-9ED2-6180144A34E1}
		{307904CF-329C-A540-AFAE-98A7739EF0AA} = {307904CF-329C-A540-AFAE-98A7739EF0AA}
		{98758AB8-6047-BD47-99A5-E4E58A11CD84} = {98758AB8-6047-BD47-99A5-E4E58A11CD84}
		{6D33B015-935C-8C4B-AA5C-B94760C637C7} = {6D33B015-935C-8C4B-AA5C-B94760C637C7}
		{E7C3E822-255C-7A43-8135-D98C13F7CB80} = {E7C3E822-255C-7A43-8135-D98C13F7CB80}
		{7FB5F636-D1EF-174C-8EE5-C3C5DA33E4BD} = {7FB5F636-D1EF-174C-8EE5-C3C5DA33E4BD}
		{8FD4FCB3-FF01-8347-BBA8-59ABD2FF2014} = {8FD4FCB3-FF01-8347-BBA8-59ABD2FF2014}
		{0B06FD7F-834A-5B47-B692-344AFF86C58A} = {0B06FD7F-834A-5B47-B692-344AFF86C58A}
		{365B3593-2126-B242-A047-9A5D39782E83} = {365B3593-2126-B242-A047-9A5D39782E83}
		{FBE37636-1B0A-2C44-9FD6-A62533AA15F1} = {FBE37636-1B0A-2C44-9FD6-A62533AA15F1}
		{888D414A-206B-3846-9586-F8915DB30D42} = {888D414A-206B-3846-9586-F8915DB30D42}
	EndProjectSection
EndProject
Project("{8BC9CEB8-8B4A-11D0-8D11-00A0C91BC942}") = "BulletExampleBrowserLib", "BulletExampleBrowserLib.vcxproj", "{A4DEA0EF-F0FE-BC4D-83BB-768F6C57B91C}"
EndProject
Project("{8BC9CEB8-8B4A-11D0-8D11-00A0C91BC942}") = "App_RobotSimulator", "App_RobotSimulator.vcxproj", "{FD5F67FF-A558-B446-8C45-D263AAB492B8}"
	ProjectSection(ProjectDependencies) = postProject
		{1C53A5D3-5174-2C41-A876-9626F9B4301A} = {1C53A5D3-5174-2C41-A876-9626F9B4301A}
		{A4DEA0EF-F0FE-BC4D-83BB-768F6C57B91C} = {A4DEA0EF-F0FE-BC4D-83BB-768F6C57B91C}
		{88700475-2ABD-7745-82A5-C7C640EA2B17} = {88700475-2ABD-7745-82A5-C7C640EA2B17}
		{14149DE0-DCA5-EF48-A231-D937B51A5EB6} = {14149DE0-DCA5-EF48-A231-D937B51A5EB6}
		{0562CD62-6D22-4847-B7DE-43F47E8C27B5} = {0562CD62-6D22-4847-B7DE-43F47E8C27B5}
		{FC8A9E56-CDA0-F54D-8EE1-C7942ACB4A03} = {FC8A9E56-CDA0-F54D-8EE1-C7942ACB4A03}
		{6739BFE3-A484-6445-850D-7CEBF8EB1D63} = {6739BFE3-A484-6445-850D-7CEBF8EB1D63}
		{10DC066A-68FD-6F4D-9ED2-6180144A34E1} = {10DC066A-68FD-6F4D-9ED2-6180144A34E1}
		{307904CF-329C-A540-AFAE-98A7739EF0AA} = {307904CF-329C-A540-AFAE-98A7739EF0AA}
		{98758AB8-6047-BD47-99A5-E4E58A11CD84} = {98758AB8-6047-BD47-99A5-E4E58A11CD84}
		{6D33B015-935C-8C4B-AA5C-B94760C637C7} = {6D33B015-935C-8C4B-AA5C-B94760C637C7}
		{E7C3E822-255C-7A43-8135-D98C13F7CB80} = {E7C3E822-255C-7A43-8135-D98C13F7CB80}
		{8FD4FCB3-FF01-8347-BBA8-59ABD2FF2014} = {8FD4FCB3-FF01-8347-BBA8-59ABD2FF2014}
		{67DBDB03-8A2D-D64D-96AA-3301F0568BBD} = {67DBDB03-8A2D-D64D-96AA-3301F0568BBD}
		{51CEDE7A-7255-A349-8831-7DA05780F60A} = {51CEDE7A-7255-A349-8831-7DA05780F60A}
	EndProjectSection
EndProject
Project("{8BC9CEB8-8B4A-11D0-8D11-00A0C91BC942}") = "App_HelloBulletRobotics", "App_HelloBulletRobotics.vcxproj", "{A86355CD-DC4F-3246-8CFE-D8F79ABD241A}"
	ProjectSection(ProjectDependencies) = postProject
		{1C53A5D3-5174-2C41-A876-9626F9B4301A} = {1C53A5D3-5174-2C41-A876-9626F9B4301A}
		{0562CD62-6D22-4847-B7DE-43F47E8C27B5} = {0562CD62-6D22-4847-B7DE-43F47E8C27B5}
		{FC8A9E56-CDA0-F54D-8EE1-C7942ACB4A03} = {FC8A9E56-CDA0-F54D-8EE1-C7942ACB4A03}
		{6739BFE3-A484-6445-850D-7CEBF8EB1D63} = {6739BFE3-A484-6445-850D-7CEBF8EB1D63}
		{10DC066A-68FD-6F4D-9ED2-6180144A34E1} = {10DC066A-68FD-6F4D-9ED2-6180144A34E1}
		{307904CF-329C-A540-AFAE-98A7739EF0AA} = {307904CF-329C-A540-AFAE-98A7739EF0AA}
		{98758AB8-6047-BD47-99A5-E4E58A11CD84} = {98758AB8-6047-BD47-99A5-E4E58A11CD84}
		{6D33B015-935C-8C4B-AA5C-B94760C637C7} = {6D33B015-935C-8C4B-AA5C-B94760C637C7}
		{E7C3E822-255C-7A43-8135-D98C13F7CB80} = {E7C3E822-255C-7A43-8135-D98C13F7CB80}
		{8FD4FCB3-FF01-8347-BBA8-59ABD2FF2014} = {8FD4FCB3-FF01-8347-BBA8-59ABD2FF2014}
		{67DBDB03-8A2D-D64D-96AA-3301F0568BBD} = {67DBDB03-8A2D-D64D-96AA-3301F0568BBD}
		{51CEDE7A-7255-A349-8831-7DA05780F60A} = {51CEDE7A-7255-A349-8831-7DA05780F60A}
	EndProjectSection
EndProject
Project("{8BC9CEB8-8B4A-11D0-8D11-00A0C91BC942}") = "OpenGL_Window", "OpenGL_Window.vcxproj", "{14149DE0-DCA5-EF48-A231-D937B51A5EB6}"
EndProject
Project("{8BC9CEB8-8B4A-11D0-8D11-00A0C91BC942}") = "gwen", "gwen.vcxproj", "{88700475-2ABD-7745-82A5-C7C640EA2B17}"
EndProject
Project("{8BC9CEB8-8B4A-11D0-8D11-00A0C91BC942}") = "App_HelloWorld", "App_HelloWorld.vcxproj", "{1B75680B-8C0E-204E-BCA4-B7222CC09633}"
	ProjectSection(ProjectDependencies) = postProject
		{98758AB8-6047-BD47-99A5-E4E58A11CD84} = {98758AB8-6047-BD47-99A5-E4E58A11CD84}
		{6D33B015-935C-8C4B-AA5C-B94760C637C7} = {6D33B015-935C-8C4B-AA5C-B94760C637C7}
		{E7C3E822-255C-7A43-8135-D98C13F7CB80} = {E7C3E822-255C-7A43-8135-D98C13F7CB80}
	EndProjectSection
EndProject
Project("{8BC9CEB8-8B4A-11D0-8D11-00A0C91BC942}") = "App_PhysicsServer_SharedMemory", "App_PhysicsServer_SharedMemory.vcxproj", "{641B7AD9-89A6-D54C-BD17-F46F7C7D6E05}"
	ProjectSection(ProjectDependencies) = postProject
		{6739BFE3-A484-6445-850D-7CEBF8EB1D63} = {6739BFE3-A484-6445-850D-7CEBF8EB1D63}
		{8FD4FCB3-FF01-8347-BBA8-59ABD2FF2014} = {8FD4FCB3-FF01-8347-BBA8-59ABD2FF2014}
		{10DC066A-68FD-6F4D-9ED2-6180144A34E1} = {10DC066A-68FD-6F4D-9ED2-6180144A34E1}
		{307904CF-329C-A540-AFAE-98A7739EF0AA} = {307904CF-329C-A540-AFAE-98A7739EF0AA}
		{98758AB8-6047-BD47-99A5-E4E58A11CD84} = {98758AB8-6047-BD47-99A5-E4E58A11CD84}
		{6D33B015-935C-8C4B-AA5C-B94760C637C7} = {6D33B015-935C-8C4B-AA5C-B94760C637C7}
		{E7C3E822-255C-7A43-8135-D98C13F7CB80} = {E7C3E822-255C-7A43-8135-D98C13F7CB80}
		{7FB5F636-D1EF-174C-8EE5-C3C5DA33E4BD} = {7FB5F636-D1EF-174C-8EE5-C3C5DA33E4BD}
	EndProjectSection
EndProject
Project("{8BC9CEB8-8B4A-11D0-8D11-00A0C91BC942}") = "App_PhysicsServer_SharedMemory_GUI", "App_PhysicsServer_SharedMemory_GUI.vcxproj", "{818B5FB3-BD8A-D34F-9A70-EEFBBB98549C}"
	ProjectSection(ProjectDependencies) = postProject
		{6739BFE3-A484-6445-850D-7CEBF8EB1D63} = {6739BFE3-A484-6445-850D-7CEBF8EB1D63}
		{10DC066A-68FD-6F4D-9ED2-6180144A34E1} = {10DC066A-68FD-6F4D-9ED2-6180144A34E1}
		{307904CF-329C-A540-AFAE-98A7739EF0AA} = {307904CF-329C-A540-AFAE-98A7739EF0AA}
		{98758AB8-6047-BD47-99A5-E4E58A11CD84} = {98758AB8-6047-BD47-99A5-E4E58A11CD84}
		{6D33B015-935C-8C4B-AA5C-B94760C637C7} = {6D33B015-935C-8C4B-AA5C-B94760C637C7}
		{E7C3E822-255C-7A43-8135-D98C13F7CB80} = {E7C3E822-255C-7A43-8135-D98C13F7CB80}
		{14149DE0-DCA5-EF48-A231-D937B51A5EB6} = {14149DE0-DCA5-EF48-A231-D937B51A5EB6}
		{8FD4FCB3-FF01-8347-BBA8-59ABD2FF2014} = {8FD4FCB3-FF01-8347-BBA8-59ABD2FF2014}
		{7FB5F636-D1EF-174C-8EE5-C3C5DA33E4BD} = {7FB5F636-D1EF-174C-8EE5-C3C5DA33E4BD}
	EndProjectSection
EndProject
Project("{8BC9CEB8-8B4A-11D0-8D11-00A0C91BC942}") = "App_PhysicsServer_SharedMemory_VR", "App_PhysicsServer_SharedMemory_VR.vcxproj", "{8753F1E7-0010-674F-B172-B30E3385C3AF}"
	ProjectSection(ProjectDependencies) = postProject
		{6739BFE3-A484-6445-850D-7CEBF8EB1D63} = {6739BFE3-A484-6445-850D-7CEBF8EB1D63}
		{10DC066A-68FD-6F4D-9ED2-6180144A34E1} = {10DC066A-68FD-6F4D-9ED2-6180144A34E1}
		{307904CF-329C-A540-AFAE-98A7739EF0AA} = {307904CF-329C-A540-AFAE-98A7739EF0AA}
		{8FD4FCB3-FF01-8347-BBA8-59ABD2FF2014} = {8FD4FCB3-FF01-8347-BBA8-59ABD2FF2014}
		{98758AB8-6047-BD47-99A5-E4E58A11CD84} = {98758AB8-6047-BD47-99A5-E4E58A11CD84}
		{6D33B015-935C-8C4B-AA5C-B94760C637C7} = {6D33B015-935C-8C4B-AA5C-B94760C637C7}
		{E7C3E822-255C-7A43-8135-D98C13F7CB80} = {E7C3E822-255C-7A43-8135-D98C13F7CB80}
		{14149DE0-DCA5-EF48-A231-D937B51A5EB6} = {14149DE0-DCA5-EF48-A231-D937B51A5EB6}
		{7FB5F636-D1EF-174C-8EE5-C3C5DA33E4BD} = {7FB5F636-D1EF-174C-8EE5-C3C5DA33E4BD}
	EndProjectSection
EndProject
Project("{8BC9CEB8-8B4A-11D0-8D11-00A0C91BC942}") = "App_PhysicsServerSharedMemoryBridgeUDP", "App_PhysicsServerSharedMemoryBridgeUDP.vcxproj", "{4427F120-C92C-5441-99A7-FE66D4A7DE12}"
	ProjectSection(ProjectDependencies) = postProject
		{67DBDB03-8A2D-D64D-96AA-3301F0568BBD} = {67DBDB03-8A2D-D64D-96AA-3301F0568BBD}
		{0562CD62-6D22-4847-B7DE-43F47E8C27B5} = {0562CD62-6D22-4847-B7DE-43F47E8C27B5}
		{8FD4FCB3-FF01-8347-BBA8-59ABD2FF2014} = {8FD4FCB3-FF01-8347-BBA8-59ABD2FF2014}
		{E7C3E822-255C-7A43-8135-D98C13F7CB80} = {E7C3E822-255C-7A43-8135-D98C13F7CB80}
	EndProjectSection
EndProject
Project("{8BC9CEB8-8B4A-11D0-8D11-00A0C91BC942}") = "App_PhysicsServerUDP", "App_PhysicsServerUDP.vcxproj", "{8EE0DAA3-3101-4748-A92A-1637FEEB7FAF}"
	ProjectSection(ProjectDependencies) = postProject
		{67DBDB03-8A2D-D64D-96AA-3301F0568BBD} = {67DBDB03-8A2D-D64D-96AA-3301F0568BBD}
		{8FD4FCB3-FF01-8347-BBA8-59ABD2FF2014} = {8FD4FCB3-FF01-8347-BBA8-59ABD2FF2014}
		{10DC066A-68FD-6F4D-9ED2-6180144A34E1} = {10DC066A-68FD-6F4D-9ED2-6180144A34E1}
		{307904CF-329C-A540-AFAE-98A7739EF0AA} = {307904CF-329C-A540-AFAE-98A7739EF0AA}
		{6739BFE3-A484-6445-850D-7CEBF8EB1D63} = {6739BFE3-A484-6445-850D-7CEBF8EB1D63}
		{98758AB8-6047-BD47-99A5-E4E58A11CD84} = {98758AB8-6047-BD47-99A5-E4E58A11CD84}
		{6D33B015-935C-8C4B-AA5C-B94760C637C7} = {6D33B015-935C-8C4B-AA5C-B94760C637C7}
		{E7C3E822-255C-7A43-8135-D98C13F7CB80} = {E7C3E822-255C-7A43-8135-D98C13F7CB80}
		{7FB5F636-D1EF-174C-8EE5-C3C5DA33E4BD} = {7FB5F636-D1EF-174C-8EE5-C3C5DA33E4BD}
	EndProjectSection
EndProject
Project("{8BC9CEB8-8B4A-11D0-8D11-00A0C91BC942}") = "App_PhysicsServerSharedMemoryBridgeTCP", "App_PhysicsServerSharedMemoryBridgeTCP.vcxproj", "{ED575DC8-7A02-6848-969C-06A3E9CC1174}"
	ProjectSection(ProjectDependencies) = postProject
		{51CEDE7A-7255-A349-8831-7DA05780F60A} = {51CEDE7A-7255-A349-8831-7DA05780F60A}
		{0562CD62-6D22-4847-B7DE-43F47E8C27B5} = {0562CD62-6D22-4847-B7DE-43F47E8C27B5}
		{8FD4FCB3-FF01-8347-BBA8-59ABD2FF2014} = {8FD4FCB3-FF01-8347-BBA8-59ABD2FF2014}
		{E7C3E822-255C-7A43-8135-D98C13F7CB80} = {E7C3E822-255C-7A43-8135-D98C13F7CB80}
	EndProjectSection
EndProject
Project("{8BC9CEB8-8B4A-11D0-8D11-00A0C91BC942}") = "App_PhysicsServerTCP", "App_PhysicsServerTCP.vcxproj", "{91255FA9-F94C-4040-AD60-5FAE03270F89}"
	ProjectSection(ProjectDependencies) = postProject
		{51CEDE7A-7255-A349-8831-7DA05780F60A} = {51CEDE7A-7255-A349-8831-7DA05780F60A}
		{8FD4FCB3-FF01-8347-BBA8-59ABD2FF2014} = {8FD4FCB3-FF01-8347-BBA8-59ABD2FF2014}
		{10DC066A-68FD-6F4D-9ED2-6180144A34E1} = {10DC066A-68FD-6F4D-9ED2-6180144A34E1}
		{307904CF-329C-A540-AFAE-98A7739EF0AA} = {307904CF-329C-A540-AFAE-98A7739EF0AA}
		{6739BFE3-A484-6445-850D-7CEBF8EB1D63} = {6739BFE3-A484-6445-850D-7CEBF8EB1D63}
		{98758AB8-6047-BD47-99A5-E4E58A11CD84} = {98758AB8-6047-BD47-99A5-E4E58A11CD84}
		{6D33B015-935C-8C4B-AA5C-B94760C637C7} = {6D33B015-935C-8C4B-AA5C-B94760C637C7}
		{E7C3E822-255C-7A43-8135-D98C13F7CB80} = {E7C3E822-255C-7A43-8135-D98C13F7CB80}
		{7FB5F636-D1EF-174C-8EE5-C3C5DA33E4BD} = {7FB5F636-D1EF-174C-8EE5-C3C5DA33E4BD}
	EndProjectSection
EndProject
Project("{8BC9CEB8-8B4A-11D0-8D11-00A0C91BC942}") = "pybullet_testplugin", "pybullet_testplugin.vcxproj", "{72ACE51E-6682-2748-90B0-4887896ADBF1}"
	ProjectSection(ProjectDependencies) = postProject
		{0562CD62-6D22-4847-B7DE-43F47E8C27B5} = {0562CD62-6D22-4847-B7DE-43F47E8C27B5}
		{8FD4FCB3-FF01-8347-BBA8-59ABD2FF2014} = {8FD4FCB3-FF01-8347-BBA8-59ABD2FF2014}
		{E7C3E822-255C-7A43-8135-D98C13F7CB80} = {E7C3E822-255C-7A43-8135-D98C13F7CB80}
	EndProjectSection
EndProject
Project("{8BC9CEB8-8B4A-11D0-8D11-00A0C91BC942}") = "pybullet_vrSyncPlugin", "pybullet_vrSyncPlugin.vcxproj", "{C00D46B5-7725-F54E-A1A0-25A6D171422E}"
	ProjectSection(ProjectDependencies) = postProject
		{0562CD62-6D22-4847-B7DE-43F47E8C27B5} = {0562CD62-6D22-4847-B7DE-43F47E8C27B5}
		{8FD4FCB3-FF01-8347-BBA8-59ABD2FF2014} = {8FD4FCB3-FF01-8347-BBA8-59ABD2FF2014}
		{E7C3E822-255C-7A43-8135-D98C13F7CB80} = {E7C3E822-255C-7A43-8135-D98C13F7CB80}
	EndProjectSection
EndProject
Project("{8BC9CEB8-8B4A-11D0-8D11-00A0C91BC942}") = "pybullet_tinyRendererPlugin", "pybullet_tinyRendererPlugin.vcxproj", "{E42DCD33-0401-6743-817E-06CD55B22F3B}"
	ProjectSection(ProjectDependencies) = postProject
		{6D33B015-935C-8C4B-AA5C-B94760C637C7} = {6D33B015-935C-8C4B-AA5C-B94760C637C7}
		{8FD4FCB3-FF01-8347-BBA8-59ABD2FF2014} = {8FD4FCB3-FF01-8347-BBA8-59ABD2FF2014}
		{E7C3E822-255C-7A43-8135-D98C13F7CB80} = {E7C3E822-255C-7A43-8135-D98C13F7CB80}
	EndProjectSection
EndProject
Project("{8BC9CEB8-8B4A-11D0-8D11-00A0C91BC942}") = "pybullet_pdControlPlugin", "pybullet_pdControlPlugin.vcxproj", "{4FEB551A-DBCD-EE4C-9C29-731483E9AD78}"
	ProjectSection(ProjectDependencies) = postProject
		{0562CD62-6D22-4847-B7DE-43F47E8C27B5} = {0562CD62-6D22-4847-B7DE-43F47E8C27B5}
		{8FD4FCB3-FF01-8347-BBA8-59ABD2FF2014} = {8FD4FCB3-FF01-8347-BBA8-59ABD2FF2014}
		{E7C3E822-255C-7A43-8135-D98C13F7CB80} = {E7C3E822-255C-7A43-8135-D98C13F7CB80}
	EndProjectSection
EndProject
Project("{8BC9CEB8-8B4A-11D0-8D11-00A0C91BC942}") = "pybullet_collisionFilterPlugin", "pybullet_collisionFilterPlugin.vcxproj", "{14D65E4B-E0C9-EA48-AC1F-D1544F82D917}"
	ProjectSection(ProjectDependencies) = postProject
		{0562CD62-6D22-4847-B7DE-43F47E8C27B5} = {0562CD62-6D22-4847-B7DE-43F47E8C27B5}
		{8FD4FCB3-FF01-8347-BBA8-59ABD2FF2014} = {8FD4FCB3-FF01-8347-BBA8-59ABD2FF2014}
		{E7C3E822-255C-7A43-8135-D98C13F7CB80} = {E7C3E822-255C-7A43-8135-D98C13F7CB80}
	EndProjectSection
EndProject
Project("{8BC9CEB8-8B4A-11D0-8D11-00A0C91BC942}") = "BussIK", "BussIK.vcxproj", "{7FB5F636-D1EF-174C-8EE5-C3C5DA33E4BD}"
EndProject
Project("{8BC9CEB8-8B4A-11D0-8D11-00A0C91BC942}") = "App_SimpleOpenGL3", "App_SimpleOpenGL3.vcxproj", "{23F0DB1B-B13F-F14E-819E-48B144935545}"
	ProjectSection(ProjectDependencies) = postProject
		{14149DE0-DCA5-EF48-A231-D937B51A5EB6} = {14149DE0-DCA5-EF48-A231-D937B51A5EB6}
		{8FD4FCB3-FF01-8347-BBA8-59ABD2FF2014} = {8FD4FCB3-FF01-8347-BBA8-59ABD2FF2014}
	EndProjectSection
EndProject
Project("{8BC9CEB8-8B4A-11D0-8D11-00A0C91BC942}") = "Test_SharedMemoryPhysicsClient", "Test_SharedMemoryPhysicsClient.vcxproj", "{7F9EE520-72DF-ED4B-8D9A-1EB7370B071D}"
	ProjectSection(ProjectDependencies) = postProject
		{0562CD62-6D22-4847-B7DE-43F47E8C27B5} = {0562CD62-6D22-4847-B7DE-43F47E8C27B5}
		{8FD4FCB3-FF01-8347-BBA8-59ABD2FF2014} = {8FD4FCB3-FF01-8347-BBA8-59ABD2FF2014}
		{E7C3E822-255C-7A43-8135-D98C13F7CB80} = {E7C3E822-255C-7A43-8135-D98C13F7CB80}
	EndProjectSection
EndProject
Project("{8BC9CEB8-8B4A-11D0-8D11-00A0C91BC942}") = "Test_PhysicsClientUDP", "Test_PhysicsClientUDP.vcxproj", "{3BDACF19-568A-2E4F-AEF2-A1A428E8B3F3}"
	ProjectSection(ProjectDependencies) = postProject
		{67DBDB03-8A2D-D64D-96AA-3301F0568BBD} = {67DBDB03-8A2D-D64D-96AA-3301F0568BBD}
		{0562CD62-6D22-4847-B7DE-43F47E8C27B5} = {0562CD62-6D22-4847-B7DE-43F47E8C27B5}
		{8FD4FCB3-FF01-8347-BBA8-59ABD2FF2014} = {8FD4FCB3-FF01-8347-BBA8-59ABD2FF2014}
		{E7C3E822-255C-7A43-8135-D98C13F7CB80} = {E7C3E822-255C-7A43-8135-D98C13F7CB80}
	EndProjectSection
EndProject
Project("{8BC9CEB8-8B4A-11D0-8D11-00A0C91BC942}") = "Test_PhysicsClientTCP", "Test_PhysicsClientTCP.vcxproj", "{82BB95AA-2AA5-0348-952D-720577C3A3FE}"
	ProjectSection(ProjectDependencies) = postProject
		{51CEDE7A-7255-A349-8831-7DA05780F60A} = {51CEDE7A-7255-A349-8831-7DA05780F60A}
		{0562CD62-6D22-4847-B7DE-43F47E8C27B5} = {0562CD62-6D22-4847-B7DE-43F47E8C27B5}
		{8FD4FCB3-FF01-8347-BBA8-59ABD2FF2014} = {8FD4FCB3-FF01-8347-BBA8-59ABD2FF2014}
		{E7C3E822-255C-7A43-8135-D98C13F7CB80} = {E7C3E822-255C-7A43-8135-D98C13F7CB80}
	EndProjectSection
EndProject
Project("{8BC9CEB8-8B4A-11D0-8D11-00A0C91BC942}") = "Test_PhysicsServerLoopBack", "Test_PhysicsServerLoopBack.vcxproj", "{FE4EDB78-656B-4E4C-9FD3-AE84DBAF686F}"
	ProjectSection(ProjectDependencies) = postProject
		{10DC066A-68FD-6F4D-9ED2-6180144A34E1} = {10DC066A-68FD-6F4D-9ED2-6180144A34E1}
		{307904CF-329C-A540-AFAE-98A7739EF0AA} = {307904CF-329C-A540-AFAE-98A7739EF0AA}
		{0562CD62-6D22-4847-B7DE-43F47E8C27B5} = {0562CD62-6D22-4847-B7DE-43F47E8C27B5}
		{FC8A9E56-CDA0-F54D-8EE1-C7942ACB4A03} = {FC8A9E56-CDA0-F54D-8EE1-C7942ACB4A03}
		{8FD4FCB3-FF01-8347-BBA8-59ABD2FF2014} = {8FD4FCB3-FF01-8347-BBA8-59ABD2FF2014}
		{98758AB8-6047-BD47-99A5-E4E58A11CD84} = {98758AB8-6047-BD47-99A5-E4E58A11CD84}
		{6D33B015-935C-8C4B-AA5C-B94760C637C7} = {6D33B015-935C-8C4B-AA5C-B94760C637C7}
		{7FB5F636-D1EF-174C-8EE5-C3C5DA33E4BD} = {7FB5F636-D1EF-174C-8EE5-C3C5DA33E4BD}
		{E7C3E822-255C-7A43-8135-D98C13F7CB80} = {E7C3E822-255C-7A43-8135-D98C13F7CB80}
	EndProjectSection
EndProject
Project("{8BC9CEB8-8B4A-11D0-8D11-00A0C91BC942}") = "Test_PhysicsServerDirect", "Test_PhysicsServerDirect.vcxproj", "{71F74696-F6B8-0444-96A3-12A743EA2E92}"
	ProjectSection(ProjectDependencies) = postProject
		{10DC066A-68FD-6F4D-9ED2-6180144A34E1} = {10DC066A-68FD-6F4D-9ED2-6180144A34E1}
		{307904CF-329C-A540-AFAE-98A7739EF0AA} = {307904CF-329C-A540-AFAE-98A7739EF0AA}
		{0562CD62-6D22-4847-B7DE-43F47E8C27B5} = {0562CD62-6D22-4847-B7DE-43F47E8C27B5}
		{FC8A9E56-CDA0-F54D-8EE1-C7942ACB4A03} = {FC8A9E56-CDA0-F54D-8EE1-C7942ACB4A03}
		{8FD4FCB3-FF01-8347-BBA8-59ABD2FF2014} = {8FD4FCB3-FF01-8347-BBA8-59ABD2FF2014}
		{98758AB8-6047-BD47-99A5-E4E58A11CD84} = {98758AB8-6047-BD47-99A5-E4E58A11CD84}
		{6D33B015-935C-8C4B-AA5C-B94760C637C7} = {6D33B015-935C-8C4B-AA5C-B94760C637C7}
		{7FB5F636-D1EF-174C-8EE5-C3C5DA33E4BD} = {7FB5F636-D1EF-174C-8EE5-C3C5DA33E4BD}
		{E7C3E822-255C-7A43-8135-D98C13F7CB80} = {E7C3E822-255C-7A43-8135-D98C13F7CB80}
	EndProjectSection
EndProject
Project("{8BC9CEB8-8B4A-11D0-8D11-00A0C91BC942}") = "Test_PhysicsServerInProcessExampleBrowser", "Test_PhysicsServerInProcessExampleBrowser.vcxproj", "{239730D2-33DE-5C44-9294-D071792F9FBD}"
	ProjectSection(ProjectDependencies) = postProject
		{A4DEA0EF-F0FE-BC4D-83BB-768F6C57B91C} = {A4DEA0EF-F0FE-BC4D-83BB-768F6C57B91C}
		{88700475-2ABD-7745-82A5-C7C640EA2B17} = {88700475-2ABD-7745-82A5-C7C640EA2B17}
		{14149DE0-DCA5-EF48-A231-D937B51A5EB6} = {14149DE0-DCA5-EF48-A231-D937B51A5EB6}
		{0562CD62-6D22-4847-B7DE-43F47E8C27B5} = {0562CD62-6D22-4847-B7DE-43F47E8C27B5}
		{FC8A9E56-CDA0-F54D-8EE1-C7942ACB4A03} = {FC8A9E56-CDA0-F54D-8EE1-C7942ACB4A03}
		{6739BFE3-A484-6445-850D-7CEBF8EB1D63} = {6739BFE3-A484-6445-850D-7CEBF8EB1D63}
		{10DC066A-68FD-6F4D-9ED2-6180144A34E1} = {10DC066A-68FD-6F4D-9ED2-6180144A34E1}
		{307904CF-329C-A540-AFAE-98A7739EF0AA} = {307904CF-329C-A540-AFAE-98A7739EF0AA}
		{98758AB8-6047-BD47-99A5-E4E58A11CD84} = {98758AB8-6047-BD47-99A5-E4E58A11CD84}
		{6D33B015-935C-8C4B-AA5C-B94760C637C7} = {6D33B015-935C-8C4B-AA5C-B94760C637C7}
		{E7C3E822-255C-7A43-8135-D98C13F7CB80} = {E7C3E822-255C-7A43-8135-D98C13F7CB80}
		{7FB5F636-D1EF-174C-8EE5-C3C5DA33E4BD} = {7FB5F636-D1EF-174C-8EE5-C3C5DA33E4BD}
		{8FD4FCB3-FF01-8347-BBA8-59ABD2FF2014} = {8FD4FCB3-FF01-8347-BBA8-59ABD2FF2014}
		{0B06FD7F-834A-5B47-B692-344AFF86C58A} = {0B06FD7F-834A-5B47-B692-344AFF86C58A}
		{365B3593-2126-B242-A047-9A5D39782E83} = {365B3593-2126-B242-A047-9A5D39782E83}
		{FBE37636-1B0A-2C44-9FD6-A62533AA15F1} = {FBE37636-1B0A-2C44-9FD6-A62533AA15F1}
		{888D414A-206B-3846-9586-F8915DB30D42} = {888D414A-206B-3846-9586-F8915DB30D42}
	EndProjectSection
EndProject
Project("{8BC9CEB8-8B4A-11D0-8D11-00A0C91BC942}") = "clsocket", "clsocket.vcxproj", "{51CEDE7A-7255-A349-8831-7DA05780F60A}"
EndProject
Project("{8BC9CEB8-8B4A-11D0-8D11-00A0C91BC942}") = "Test_clsocket_EchoServer", "Test_clsocket_EchoServer.vcxproj", "{8C7F41CF-C5B9-0949-B9DC-B369C83C7EDD}"
	ProjectSection(ProjectDependencies) = postProject
		{51CEDE7A-7255-A349-8831-7DA05780F60A} = {51CEDE7A-7255-A349-8831-7DA05780F60A}
	EndProjectSection
EndProject
Project("{8BC9CEB8-8B4A-11D0-8D11-00A0C91BC942}") = "Test_clsocket_QueryDayTime", "Test_clsocket_QueryDayTime.vcxproj", "{4966AA17-BA17-7447-B739-8AA46838C4BF}"
	ProjectSection(ProjectDependencies) = postProject
		{51CEDE7A-7255-A349-8831-7DA05780F60A} = {51CEDE7A-7255-A349-8831-7DA05780F60A}
	EndProjectSection
EndProject
Project("{8BC9CEB8-8B4A-11D0-8D11-00A0C91BC942}") = "enet", "enet.vcxproj", "{67DBDB03-8A2D-D64D-96AA-3301F0568BBD}"
EndProject
Project("{8BC9CEB8-8B4A-11D0-8D11-00A0C91BC942}") = "Test_enet_nat_punchthrough_client", "Test_enet_nat_punchthrough_client.vcxproj", "{FEE6D8CB-145B-5844-8B91-95C5AE649FC8}"
	ProjectSection(ProjectDependencies) = postProject
		{67DBDB03-8A2D-D64D-96AA-3301F0568BBD} = {67DBDB03-8A2D-D64D-96AA-3301F0568BBD}
	EndProjectSection
EndProject
Project("{8BC9CEB8-8B4A-11D0-8D11-00A0C91BC942}") = "Test_enet_nat_punchthrough_server", "Test_enet_nat_punchthrough_server.vcxproj", "{0D4DCF5D-0242-0147-ACF2-A68224E616D5}"
	ProjectSection(ProjectDependencies) = postProject
		{67DBDB03-8A2D-D64D-96AA-3301F0568BBD} = {67DBDB03-8A2D-D64D-96AA-3301F0568BBD}
	EndProjectSection
EndProject
Project("{8BC9CEB8-8B4A-11D0-8D11-00A0C91BC942}") = "Test_enet_chat_client", "Test_enet_chat_client.vcxproj", "{6E520062-1AD5-5042-A39E-D4379526909B}"
	ProjectSection(ProjectDependencies) = postProject
		{67DBDB03-8A2D-D64D-96AA-3301F0568BBD} = {67DBDB03-8A2D-D64D-96AA-3301F0568BBD}
	EndProjectSection
EndProject
Project("{8BC9CEB8-8B4A-11D0-8D11-00A0C91BC942}") = "Test_enet_chat_server", "Test_enet_chat_server.vcxproj", "{BB5F731A-727D-3E48-85B6-14C0079800CF}"
	ProjectSection(ProjectDependencies) = postProject
		{67DBDB03-8A2D-D64D-96AA-3301F0568BBD} = {67DBDB03-8A2D-D64D-96AA-3301F0568BBD}
	EndProjectSection
EndProject
Project("{8BC9CEB8-8B4A-11D0-8D11-00A0C91BC942}") = "Bullet3Common", "Bullet3Common.vcxproj", "{8FD4FCB3-FF01-8347-BBA8-59ABD2FF2014}"
EndProject
Project("{8BC9CEB8-8B4A-11D0-8D11-00A0C91BC942}") = "Bullet3Geometry", "Bullet3Geometry.vcxproj", "{888D414A-206B-3846-9586-F8915DB30D42}"
EndProject
Project("{8BC9CEB8-8B4A-11D0-8D11-00A0C91BC942}") = "Bullet3Collision", "Bullet3Collision.vcxproj", "{FBE37636-1B0A-2C44-9FD6-A62533AA15F1}"
EndProject
Project("{8BC9CEB8-8B4A-11D0-8D11-00A0C91BC942}") = "Bullet3Dynamics", "Bullet3Dynamics.vcxproj", "{365B3593-2126-B242-A047-9A5D39782E83}"
EndProject
Project("{8BC9CEB8-8B4A-11D0-8D11-00A0C91BC942}") = "Bullet3OpenCL_clew", "Bullet3OpenCL_clew.vcxproj", "{0B06FD7F-834A-5B47-B692-344AFF86C58A}"
EndProject
Project("{8BC9CEB8-8B4A-11D0-8D11-00A0C91BC942}") = "Bullet2FileLoader", "Bullet2FileLoader.vcxproj", "{45D2C19D-6A45-E147-BA66-1E733633AE8E}"
EndProject
Project("{8BC9CEB8-8B4A-11D0-8D11-00A0C91BC942}") = "HACD", "HACD.vcxproj", "{3DE3A413-5CC7-7E4E-8BF8-8137E555ACCB}"
EndProject
Project("{8BC9CEB8-8B4A-11D0-8D11-00A0C91BC942}") = "vhacd", "vhacd.vcxproj", "{CCEC5AF8-0B49-2944-96EA-34C04A1A3683}"
EndProject
Project("{8BC9CEB8-8B4A-11D0-8D11-00A0C91BC942}") = "test_vhacd", "test_vhacd.vcxproj", "{7B19805B-0BF7-1048-A3D9-4A3CFC0F459A}"
	ProjectSection(ProjectDependencies) = postProject
		{CCEC5AF8-0B49-2944-96EA-34C04A1A3683} = {CCEC5AF8-0B49-2944-96EA-34C04A1A3683}
	EndProjectSection
EndProject
Project("{8BC9CEB8-8B4A-11D0-8D11-00A0C91BC942}") = "ConvexDecomposition", "ConvexDecomposition.vcxproj", "{F0298FB7-35C4-AB4B-9FDA-D6C4859B73C4}"
EndProject
Project("{8BC9CEB8-8B4A-11D0-8D11-00A0C91BC942}") = "BulletInverseDynamicsUtils", "BulletInverseDynamicsUtils.vcxproj", "{10DC066A-68FD-6F4D-9ED2-6180144A34E1}"
EndProject
Project("{8BC9CEB8-8B4A-11D0-8D11-00A0C91BC942}") = "BulletFileLoader", "BulletFileLoader.vcxproj", "{0562CD62-6D22-4847-B7DE-43F47E8C27B5}"
EndProject
Project("{8BC9CEB8-8B4A-11D0-8D11-00A0C91BC942}") = "BulletWorldImporter", "BulletWorldImporter.vcxproj", "{FC8A9E56-CDA0-F54D-8EE1-C7942ACB4A03}"
EndProject
Project("{8BC9CEB8-8B4A-11D0-8D11-00A0C91BC942}") = "BulletXmlWorldImporter", "BulletXmlWorldImporter.vcxproj", "{29637055-7949-4147-AADB-A2EAC65651AF}"
EndProject
Project("{8BC9CEB8-8B4A-11D0-8D11-00A0C91BC942}") = "App_obj2sdf", "App_obj2sdf.vcxproj", "{2DE68520-FC46-6645-B566-E619418253D3}"
	ProjectSection(ProjectDependencies) = postProject
		{8FD4FCB3-FF01-8347-BBA8-59ABD2FF2014} = {8FD4FCB3-FF01-8347-BBA8-59ABD2FF2014}
	EndProjectSection
EndProject
Project("{8BC9CEB8-8B4A-11D0-8D11-00A0C91BC942}") = "BulletRobotics", "BulletRobotics.vcxproj", "{1C53A5D3-5174-2C41-A876-9626F9B4301A}"
	ProjectSection(ProjectDependencies) = postProject
		{A4DEA0EF-F0FE-BC4D-83BB-768F6C57B91C} = {A4DEA0EF-F0FE-BC4D-83BB-768F6C57B91C}
		{88700475-2ABD-7745-82A5-C7C640EA2B17} = {88700475-2ABD-7745-82A5-C7C640EA2B17}
		{0562CD62-6D22-4847-B7DE-43F47E8C27B5} = {0562CD62-6D22-4847-B7DE-43F47E8C27B5}
		{FC8A9E56-CDA0-F54D-8EE1-C7942ACB4A03} = {FC8A9E56-CDA0-F54D-8EE1-C7942ACB4A03}
		{14149DE0-DCA5-EF48-A231-D937B51A5EB6} = {14149DE0-DCA5-EF48-A231-D937B51A5EB6}
		{6739BFE3-A484-6445-850D-7CEBF8EB1D63} = {6739BFE3-A484-6445-850D-7CEBF8EB1D63}
		{10DC066A-68FD-6F4D-9ED2-6180144A34E1} = {10DC066A-68FD-6F4D-9ED2-6180144A34E1}
		{307904CF-329C-A540-AFAE-98A7739EF0AA} = {307904CF-329C-A540-AFAE-98A7739EF0AA}
		{98758AB8-6047-BD47-99A5-E4E58A11CD84} = {98758AB8-6047-BD47-99A5-E4E58A11CD84}
		{6D33B015-935C-8C4B-AA5C-B94760C637C7} = {6D33B015-935C-8C4B-AA5C-B94760C637C7}
		{E7C3E822-255C-7A43-8135-D98C13F7CB80} = {E7C3E822-255C-7A43-8135-D98C13F7CB80}
		{7FB5F636-D1EF-174C-8EE5-C3C5DA33E4BD} = {7FB5F636-D1EF-174C-8EE5-C3C5DA33E4BD}
		{8FD4FCB3-FF01-8347-BBA8-59ABD2FF2014} = {8FD4FCB3-FF01-8347-BBA8-59ABD2FF2014}
		{67DBDB03-8A2D-D64D-96AA-3301F0568BBD} = {67DBDB03-8A2D-D64D-96AA-3301F0568BBD}
		{51CEDE7A-7255-A349-8831-7DA05780F60A} = {51CEDE7A-7255-A349-8831-7DA05780F60A}
	EndProjectSection
EndProject
Project("{8BC9CEB8-8B4A-11D0-8D11-00A0C91BC942}") = "Test_LinearMath", "Test_LinearMath.vcxproj", "{B889E728-CDD1-A244-8EC2-4A3069543FD4}"
	ProjectSection(ProjectDependencies) = postProject
		{98758AB8-6047-BD47-99A5-E4E58A11CD84} = {98758AB8-6047-BD47-99A5-E4E58A11CD84}
		{6D33B015-935C-8C4B-AA5C-B94760C637C7} = {6D33B015-935C-8C4B-AA5C-B94760C637C7}
		{E7C3E822-255C-7A43-8135-D98C13F7CB80} = {E7C3E822-255C-7A43-8135-D98C13F7CB80}
	EndProjectSection
EndProject
Project("{8BC9CEB8-8B4A-11D0-8D11-00A0C91BC942}") = "gtest", "gtest.vcxproj", "{76BDC744-2855-1E4C-AD4C-690A08F423C6}"
EndProject
Project("{8BC9CEB8-8B4A-11D0-8D11-00A0C91BC942}") = "Test_BulletCollision", "Test_BulletCollision.vcxproj", "{750EAE8D-174A-5B4B-B941-5B16FDB44247}"
	ProjectSection(ProjectDependencies) = postProject
		{E7C3E822-255C-7A43-8135-D98C13F7CB80} = {E7C3E822-255C-7A43-8135-D98C13F7CB80}
		{76BDC744-2855-1E4C-AD4C-690A08F423C6} = {76BDC744-2855-1E4C-AD4C-690A08F423C6}
	EndProjectSection
EndProject
Project("{8BC9CEB8-8B4A-11D0-8D11-00A0C91BC942}") = "Test_BulletDynamics", "Test_BulletDynamics.vcxproj", "{B3A7B1DA-D8B0-5549-ACD0-FFE26115611A}"
	ProjectSection(ProjectDependencies) = postProject
		{98758AB8-6047-BD47-99A5-E4E58A11CD84} = {98758AB8-6047-BD47-99A5-E4E58A11CD84}
		{6D33B015-935C-8C4B-AA5C-B94760C637C7} = {6D33B015-935C-8C4B-AA5C-B94760C637C7}
		{E7C3E822-255C-7A43-8135-D98C13F7CB80} = {E7C3E822-255C-7A43-8135-D98C13F7CB80}
		{76BDC744-2855-1E4C-AD4C-690A08F423C6} = {76BDC744-2855-1E4C-AD4C-690A08F423C6}
	EndProjectSection
EndProject
Project("{8BC9CEB8-8B4A-11D0-8D11-00A0C91BC942}") = "Test_InverseDynamicsKinematics", "Test_InverseDynamicsKinematics.vcxproj", "{D15FC79F-39EB-BE46-9137-52ABCE468799}"
	ProjectSection(ProjectDependencies) = postProject
		{10DC066A-68FD-6F4D-9ED2-6180144A34E1} = {10DC066A-68FD-6F4D-9ED2-6180144A34E1}
		{307904CF-329C-A540-AFAE-98A7739EF0AA} = {307904CF-329C-A540-AFAE-98A7739EF0AA}
		{8FD4FCB3-FF01-8347-BBA8-59ABD2FF2014} = {8FD4FCB3-FF01-8347-BBA8-59ABD2FF2014}
		{E7C3E822-255C-7A43-8135-D98C13F7CB80} = {E7C3E822-255C-7A43-8135-D98C13F7CB80}
		{76BDC744-2855-1E4C-AD4C-690A08F423C6} = {76BDC744-2855-1E4C-AD4C-690A08F423C6}
	EndProjectSection
EndProject
Project("{8BC9CEB8-8B4A-11D0-8D11-00A0C91BC942}") = "Test_InverseDynamicsJacobian", "Test_InverseDynamicsJacobian.vcxproj", "{A7F84D27-12CF-1A41-B2EC-D645C4201848}"
	ProjectSection(ProjectDependencies) = postProject
		{10DC066A-68FD-6F4D-9ED2-6180144A34E1} = {10DC066A-68FD-6F4D-9ED2-6180144A34E1}
		{307904CF-329C-A540-AFAE-98A7739EF0AA} = {307904CF-329C-A540-AFAE-98A7739EF0AA}
		{8FD4FCB3-FF01-8347-BBA8-59ABD2FF2014} = {8FD4FCB3-FF01-8347-BBA8-59ABD2FF2014}
		{E7C3E822-255C-7A43-8135-D98C13F7CB80} = {E7C3E822-255C-7A43-8135-D98C13F7CB80}
		{76BDC744-2855-1E4C-AD4C-690A08F423C6} = {76BDC744-2855-1E4C-AD4C-690A08F423C6}
	EndProjectSection
EndProject
Project("{8BC9CEB8-8B4A-11D0-8D11-00A0C91BC942}") = "Test_InverseForwardDynamics", "Test_InverseForwardDynamics.vcxproj", "{EB8FC4D1-F0F7-614A-8810-499B56252EFD}"
	ProjectSection(ProjectDependencies) = postProject
		{98758AB8-6047-BD47-99A5-E4E58A11CD84} = {98758AB8-6047-BD47-99A5-E4E58A11CD84}
		{6D33B015-935C-8C4B-AA5C-B94760C637C7} = {6D33B015-935C-8C4B-AA5C-B94760C637C7}
		{10DC066A-68FD-6F4D-9ED2-6180144A34E1} = {10DC066A-68FD-6F4D-9ED2-6180144A34E1}
		{307904CF-329C-A540-AFAE-98A7739EF0AA} = {307904CF-329C-A540-AFAE-98A7739EF0AA}
		{8FD4FCB3-FF01-8347-BBA8-59ABD2FF2014} = {8FD4FCB3-FF01-8347-BBA8-59ABD2FF2014}
		{E7C3E822-255C-7A43-8135-D98C13F7CB80} = {E7C3E822-255C-7A43-8135-D98C13F7CB80}
		{76BDC744-2855-1E4C-AD4C-690A08F423C6} = {76BDC744-2855-1E4C-AD4C-690A08F423C6}
	EndProjectSection
EndProject
Project("{8BC9CEB8-8B4A-11D0-8D11-00A0C91BC942}") = "Test_OpenCL_Bullet3", "Test_OpenCL_Bullet3.vcxproj", "{9491C2F3-9B3C-8C4B-94B4-113D7577FA62}"
	ProjectSection(ProjectDependencies) = postProject
		{76BDC744-2855-1E4C-AD4C-690A08F423C6} = {76BDC744-2855-1E4C-AD4C-690A08F423C6}
		{0B06FD7F-834A-5B47-B692-344AFF86C58A} = {0B06FD7F-834A-5B47-B692-344AFF86C58A}
		{8FD4FCB3-FF01-8347-BBA8-59ABD2FF2014} = {8FD4FCB3-FF01-8347-BBA8-59ABD2FF2014}
	EndProjectSection
EndProject
Project("{8BC9CEB8-8B4A-11D0-8D11-00A0C91BC942}") = "Test_Gwen_OpenGL", "Test_Gwen_OpenGL.vcxproj", "{D46FD285-AC1E-3D4A-AD1B-83472530C67B}"
	ProjectSection(ProjectDependencies) = postProject
		{88700475-2ABD-7745-82A5-C7C640EA2B17} = {88700475-2ABD-7745-82A5-C7C640EA2B17}
		{8FD4FCB3-FF01-8347-BBA8-59ABD2FF2014} = {8FD4FCB3-FF01-8347-BBA8-59ABD2FF2014}
	EndProjectSection
EndProject
Project("{8BC9CEB8-8B4A-11D0-8D11-00A0C91BC942}") = "BulletInverseDynamics", "BulletInverseDynamics.vcxproj", "{307904CF-329C-A540-AFAE-98A7739EF0AA}"
EndProject
Project("{8BC9CEB8-8B4A-11D0-8D11-00A0C91BC942}") = "BulletSoftBody", "BulletSoftBody.vcxproj", "{6739BFE3-A484-6445-850D-7CEBF8EB1D63}"
EndProject
Project("{8BC9CEB8-8B4A-11D0-8D11-00A0C91BC942}") = "BulletDynamics", "BulletDynamics.vcxproj", "{98758AB8-6047-BD47-99A5-E4E58A11CD84}"
EndProject
Project("{8BC9CEB8-8B4A-11D0-8D11-00A0C91BC942}") = "BulletCollision", "BulletCollision.vcxproj", "{6D33B015-935C-8C4B-AA5C-B94760C637C7}"
EndProject
Project("{8BC9CEB8-8B4A-11D0-8D11-00A0C91BC942}") = "LinearMath", "LinearMath.vcxproj", "{E7C3E822-255C-7A43-8135-D98C13F7CB80}"
EndProject
Global
	GlobalSection(SolutionConfigurationPlatforms) = preSolution
		Release|Win32 = Release|Win32
		Release|x64 = Release|x64
		Debug|Win32 = Debug|Win32
		Debug|x64 = Debug|x64
	EndGlobalSection
	GlobalSection(ProjectConfigurationPlatforms) = postSolution
		{ED3FBFDB-7A92-D34F-9AF4-1AE918597229}.Release|Win32.ActiveCfg = Release|Win32
		{ED3FBFDB-7A92-D34F-9AF4-1AE918597229}.Release|Win32.Build.0 = Release|Win32
		{ED3FBFDB-7A92-D34F-9AF4-1AE918597229}.Release|x64.ActiveCfg = Release|x64
		{ED3FBFDB-7A92-D34F-9AF4-1AE918597229}.Release|x64.Build.0 = Release|x64
		{ED3FBFDB-7A92-D34F-9AF4-1AE918597229}.Debug|Win32.ActiveCfg = Debug|Win32
		{ED3FBFDB-7A92-D34F-9AF4-1AE918597229}.Debug|Win32.Build.0 = Debug|Win32
		{ED3FBFDB-7A92-D34F-9AF4-1AE918597229}.Debug|x64.ActiveCfg = Debug|x64
		{ED3FBFDB-7A92-D34F-9AF4-1AE918597229}.Debug|x64.Build.0 = Debug|x64
		{A4DEA0EF-F0FE-BC4D-83BB-768F6C57B91C}.Release|Win32.ActiveCfg = Release|Win32
		{A4DEA0EF-F0FE-BC4D-83BB-768F6C57B91C}.Release|Win32.Build.0 = Release|Win32
		{A4DEA0EF-F0FE-BC4D-83BB-768F6C57B91C}.Release|x64.ActiveCfg = Release|x64
		{A4DEA0EF-F0FE-BC4D-83BB-768F6C57B91C}.Release|x64.Build.0 = Release|x64
		{A4DEA0EF-F0FE-BC4D-83BB-768F6C57B91C}.Debug|Win32.ActiveCfg = Debug|Win32
		{A4DEA0EF-F0FE-BC4D-83BB-768F6C57B91C}.Debug|Win32.Build.0 = Debug|Win32
		{A4DEA0EF-F0FE-BC4D-83BB-768F6C57B91C}.Debug|x64.ActiveCfg = Debug|x64
		{A4DEA0EF-F0FE-BC4D-83BB-768F6C57B91C}.Debug|x64.Build.0 = Debug|x64
		{FD5F67FF-A558-B446-8C45-D263AAB492B8}.Release|Win32.ActiveCfg = Release|Win32
		{FD5F67FF-A558-B446-8C45-D263AAB492B8}.Release|Win32.Build.0 = Release|Win32
		{FD5F67FF-A558-B446-8C45-D263AAB492B8}.Release|x64.ActiveCfg = Release|x64
		{FD5F67FF-A558-B446-8C45-D263AAB492B8}.Release|x64.Build.0 = Release|x64
		{FD5F67FF-A558-B446-8C45-D263AAB492B8}.Debug|Win32.ActiveCfg = Debug|Win32
		{FD5F67FF-A558-B446-8C45-D263AAB492B8}.Debug|Win32.Build.0 = Debug|Win32
		{FD5F67FF-A558-B446-8C45-D263AAB492B8}.Debug|x64.ActiveCfg = Debug|x64
		{FD5F67FF-A558-B446-8C45-D263AAB492B8}.Debug|x64.Build.0 = Debug|x64
		{A86355CD-DC4F-3246-8CFE-D8F79ABD241A}.Release|Win32.ActiveCfg = Release|Win32
		{A86355CD-DC4F-3246-8CFE-D8F79ABD241A}.Release|Win32.Build.0 = Release|Win32
		{A86355CD-DC4F-3246-8CFE-D8F79ABD241A}.Release|x64.ActiveCfg = Release|x64
		{A86355CD-DC4F-3246-8CFE-D8F79ABD241A}.Release|x64.Build.0 = Release|x64
		{A86355CD-DC4F-3246-8CFE-D8F79ABD241A}.Debug|Win32.ActiveCfg = Debug|Win32
		{A86355CD-DC4F-3246-8CFE-D8F79ABD241A}.Debug|Win32.Build.0 = Debug|Win32
		{A86355CD-DC4F-3246-8CFE-D8F79ABD241A}.Debug|x64.ActiveCfg = Debug|x64
		{A86355CD-DC4F-3246-8CFE-D8F79ABD241A}.Debug|x64.Build.0 = Debug|x64
		{14149DE0-DCA5-EF48-A231-D937B51A5EB6}.Release|Win32.ActiveCfg = Release|Win32
		{14149DE0-DCA5-EF48-A231-D937B51A5EB6}.Release|Win32.Build.0 = Release|Win32
		{14149DE0-DCA5-EF48-A231-D937B51A5EB6}.Release|x64.ActiveCfg = Release|x64
		{14149DE0-DCA5-EF48-A231-D937B51A5EB6}.Release|x64.Build.0 = Release|x64
		{14149DE0-DCA5-EF48-A231-D937B51A5EB6}.Debug|Win32.ActiveCfg = Debug|Win32
		{14149DE0-DCA5-EF48-A231-D937B51A5EB6}.Debug|Win32.Build.0 = Debug|Win32
		{14149DE0-DCA5-EF48-A231-D937B51A5EB6}.Debug|x64.ActiveCfg = Debug|x64
		{14149DE0-DCA5-EF48-A231-D937B51A5EB6}.Debug|x64.Build.0 = Debug|x64
		{88700475-2ABD-7745-82A5-C7C640EA2B17}.Release|Win32.ActiveCfg = Release|Win32
		{88700475-2ABD-7745-82A5-C7C640EA2B17}.Release|Win32.Build.0 = Release|Win32
		{88700475-2ABD-7745-82A5-C7C640EA2B17}.Release|x64.ActiveCfg = Release|x64
		{88700475-2ABD-7745-82A5-C7C640EA2B17}.Release|x64.Build.0 = Release|x64
		{88700475-2ABD-7745-82A5-C7C640EA2B17}.Debug|Win32.ActiveCfg = Debug|Win32
		{88700475-2ABD-7745-82A5-C7C640EA2B17}.Debug|Win32.Build.0 = Debug|Win32
		{88700475-2ABD-7745-82A5-C7C640EA2B17}.Debug|x64.ActiveCfg = Debug|x64
		{88700475-2ABD-7745-82A5-C7C640EA2B17}.Debug|x64.Build.0 = Debug|x64
		{1B75680B-8C0E-204E-BCA4-B7222CC09633}.Release|Win32.ActiveCfg = Release|Win32
		{1B75680B-8C0E-204E-BCA4-B7222CC09633}.Release|Win32.Build.0 = Release|Win32
		{1B75680B-8C0E-204E-BCA4-B7222CC09633}.Release|x64.ActiveCfg = Release|x64
		{1B75680B-8C0E-204E-BCA4-B7222CC09633}.Release|x64.Build.0 = Release|x64
		{1B75680B-8C0E-204E-BCA4-B7222CC09633}.Debug|Win32.ActiveCfg = Debug|Win32
		{1B75680B-8C0E-204E-BCA4-B7222CC09633}.Debug|Win32.Build.0 = Debug|Win32
		{1B75680B-8C0E-204E-BCA4-B7222CC09633}.Debug|x64.ActiveCfg = Debug|x64
		{1B75680B-8C0E-204E-BCA4-B7222CC09633}.Debug|x64.Build.0 = Debug|x64
		{641B7AD9-89A6-D54C-BD17-F46F7C7D6E05}.Release|Win32.ActiveCfg = Release|Win32
		{641B7AD9-89A6-D54C-BD17-F46F7C7D6E05}.Release|Win32.Build.0 = Release|Win32
		{641B7AD9-89A6-D54C-BD17-F46F7C7D6E05}.Release|x64.ActiveCfg = Release|x64
		{641B7AD9-89A6-D54C-BD17-F46F7C7D6E05}.Release|x64.Build.0 = Release|x64
		{641B7AD9-89A6-D54C-BD17-F46F7C7D6E05}.Debug|Win32.ActiveCfg = Debug|Win32
		{641B7AD9-89A6-D54C-BD17-F46F7C7D6E05}.Debug|Win32.Build.0 = Debug|Win32
		{641B7AD9-89A6-D54C-BD17-F46F7C7D6E05}.Debug|x64.ActiveCfg = Debug|x64
		{641B7AD9-89A6-D54C-BD17-F46F7C7D6E05}.Debug|x64.Build.0 = Debug|x64
		{818B5FB3-BD8A-D34F-9A70-EEFBBB98549C}.Release|Win32.ActiveCfg = Release|Win32
		{818B5FB3-BD8A-D34F-9A70-EEFBBB98549C}.Release|Win32.Build.0 = Release|Win32
		{818B5FB3-BD8A-D34F-9A70-EEFBBB98549C}.Release|x64.ActiveCfg = Release|x64
		{818B5FB3-BD8A-D34F-9A70-EEFBBB98549C}.Release|x64.Build.0 = Release|x64
		{818B5FB3-BD8A-D34F-9A70-EEFBBB98549C}.Debug|Win32.ActiveCfg = Debug|Win32
		{818B5FB3-BD8A-D34F-9A70-EEFBBB98549C}.Debug|Win32.Build.0 = Debug|Win32
		{818B5FB3-BD8A-D34F-9A70-EEFBBB98549C}.Debug|x64.ActiveCfg = Debug|x64
		{818B5FB3-BD8A-D34F-9A70-EEFBBB98549C}.Debug|x64.Build.0 = Debug|x64
		{8753F1E7-0010-674F-B172-B30E3385C3AF}.Release|Win32.ActiveCfg = Release|Win32
		{8753F1E7-0010-674F-B172-B30E3385C3AF}.Release|Win32.Build.0 = Release|Win32
		{8753F1E7-0010-674F-B172-B30E3385C3AF}.Release|x64.ActiveCfg = Release|x64
		{8753F1E7-0010-674F-B172-B30E3385C3AF}.Release|x64.Build.0 = Release|x64
		{8753F1E7-0010-674F-B172-B30E3385C3AF}.Debug|Win32.ActiveCfg = Debug|Win32
		{8753F1E7-0010-674F-B172-B30E3385C3AF}.Debug|Win32.Build.0 = Debug|Win32
		{8753F1E7-0010-674F-B172-B30E3385C3AF}.Debug|x64.ActiveCfg = Debug|x64
		{8753F1E7-0010-674F-B172-B30E3385C3AF}.Debug|x64.Build.0 = Debug|x64
		{4427F120-C92C-5441-99A7-FE66D4A7DE12}.Release|Win32.ActiveCfg = Release|Win32
		{4427F120-C92C-5441-99A7-FE66D4A7DE12}.Release|Win32.Build.0 = Release|Win32
		{4427F120-C92C-5441-99A7-FE66D4A7DE12}.Release|x64.ActiveCfg = Release|x64
		{4427F120-C92C-5441-99A7-FE66D4A7DE12}.Release|x64.Build.0 = Release|x64
		{4427F120-C92C-5441-99A7-FE66D4A7DE12}.Debug|Win32.ActiveCfg = Debug|Win32
		{4427F120-C92C-5441-99A7-FE66D4A7DE12}.Debug|Win32.Build.0 = Debug|Win32
		{4427F120-C92C-5441-99A7-FE66D4A7DE12}.Debug|x64.ActiveCfg = Debug|x64
		{4427F120-C92C-5441-99A7-FE66D4A7DE12}.Debug|x64.Build.0 = Debug|x64
		{8EE0DAA3-3101-4748-A92A-1637FEEB7FAF}.Release|Win32.ActiveCfg = Release|Win32
		{8EE0DAA3-3101-4748-A92A-1637FEEB7FAF}.Release|Win32.Build.0 = Release|Win32
		{8EE0DAA3-3101-4748-A92A-1637FEEB7FAF}.Release|x64.ActiveCfg = Release|x64
		{8EE0DAA3-3101-4748-A92A-1637FEEB7FAF}.Release|x64.Build.0 = Release|x64
		{8EE0DAA3-3101-4748-A92A-1637FEEB7FAF}.Debug|Win32.ActiveCfg = Debug|Win32
		{8EE0DAA3-3101-4748-A92A-1637FEEB7FAF}.Debug|Win32.Build.0 = Debug|Win32
		{8EE0DAA3-3101-4748-A92A-1637FEEB7FAF}.Debug|x64.ActiveCfg = Debug|x64
		{8EE0DAA3-3101-4748-A92A-1637FEEB7FAF}.Debug|x64.Build.0 = Debug|x64
		{ED575DC8-7A02-6848-969C-06A3E9CC1174}.Release|Win32.ActiveCfg = Release|Win32
		{ED575DC8-7A02-6848-969C-06A3E9CC1174}.Release|Win32.Build.0 = Release|Win32
		{ED575DC8-7A02-6848-969C-06A3E9CC1174}.Release|x64.ActiveCfg = Release|x64
		{ED575DC8-7A02-6848-969C-06A3E9CC1174}.Release|x64.Build.0 = Release|x64
		{ED575DC8-7A02-6848-969C-06A3E9CC1174}.Debug|Win32.ActiveCfg = Debug|Win32
		{ED575DC8-7A02-6848-969C-06A3E9CC1174}.Debug|Win32.Build.0 = Debug|Win32
		{ED575DC8-7A02-6848-969C-06A3E9CC1174}.Debug|x64.ActiveCfg = Debug|x64
		{ED575DC8-7A02-6848-969C-06A3E9CC1174}.Debug|x64.Build.0 = Debug|x64
		{91255FA9-F94C-4040-AD60-5FAE03270F89}.Release|Win32.ActiveCfg = Release|Win32
		{91255FA9-F94C-4040-AD60-5FAE03270F89}.Release|Win32.Build.0 = Release|Win32
		{91255FA9-F94C-4040-AD60-5FAE03270F89}.Release|x64.ActiveCfg = Release|x64
		{91255FA9-F94C-4040-AD60-5FAE03270F89}.Release|x64.Build.0 = Release|x64
		{91255FA9-F94C-4040-AD60-5FAE03270F89}.Debug|Win32.ActiveCfg = Debug|Win32
		{91255FA9-F94C-4040-AD60-5FAE03270F89}.Debug|Win32.Build.0 = Debug|Win32
		{91255FA9-F94C-4040-AD60-5FAE03270F89}.Debug|x64.ActiveCfg = Debug|x64
		{91255FA9-F94C-4040-AD60-5FAE03270F89}.Debug|x64.Build.0 = Debug|x64
		{72ACE51E-6682-2748-90B0-4887896ADBF1}.Release|Win32.ActiveCfg = Release|Win32
		{72ACE51E-6682-2748-90B0-4887896ADBF1}.Release|Win32.Build.0 = Release|Win32
		{72ACE51E-6682-2748-90B0-4887896ADBF1}.Release|x64.ActiveCfg = Release|x64
		{72ACE51E-6682-2748-90B0-4887896ADBF1}.Release|x64.Build.0 = Release|x64
		{72ACE51E-6682-2748-90B0-4887896ADBF1}.Debug|Win32.ActiveCfg = Debug|Win32
		{72ACE51E-6682-2748-90B0-4887896ADBF1}.Debug|Win32.Build.0 = Debug|Win32
		{72ACE51E-6682-2748-90B0-4887896ADBF1}.Debug|x64.ActiveCfg = Debug|x64
		{72ACE51E-6682-2748-90B0-4887896ADBF1}.Debug|x64.Build.0 = Debug|x64
		{C00D46B5-7725-F54E-A1A0-25A6D171422E}.Release|Win32.ActiveCfg = Release|Win32
		{C00D46B5-7725-F54E-A1A0-25A6D171422E}.Release|Win32.Build.0 = Release|Win32
		{C00D46B5-7725-F54E-A1A0-25A6D171422E}.Release|x64.ActiveCfg = Release|x64
		{C00D46B5-7725-F54E-A1A0-25A6D171422E}.Release|x64.Build.0 = Release|x64
		{C00D46B5-7725-F54E-A1A0-25A6D171422E}.Debug|Win32.ActiveCfg = Debug|Win32
		{C00D46B5-7725-F54E-A1A0-25A6D171422E}.Debug|Win32.Build.0 = Debug|Win32
		{C00D46B5-7725-F54E-A1A0-25A6D171422E}.Debug|x64.ActiveCfg = Debug|x64
		{C00D46B5-7725-F54E-A1A0-25A6D171422E}.Debug|x64.Build.0 = Debug|x64
		{E42DCD33-0401-6743-817E-06CD55B22F3B}.Release|Win32.ActiveCfg = Release|Win32
		{E42DCD33-0401-6743-817E-06CD55B22F3B}.Release|Win32.Build.0 = Release|Win32
		{E42DCD33-0401-6743-817E-06CD55B22F3B}.Release|x64.ActiveCfg = Release|x64
		{E42DCD33-0401-6743-817E-06CD55B22F3B}.Release|x64.Build.0 = Release|x64
		{E42DCD33-0401-6743-817E-06CD55B22F3B}.Debug|Win32.ActiveCfg = Debug|Win32
		{E42DCD33-0401-6743-817E-06CD55B22F3B}.Debug|Win32.Build.0 = Debug|Win32
		{E42DCD33-0401-6743-817E-06CD55B22F3B}.Debug|x64.ActiveCfg = Debug|x64
		{E42DCD33-0401-6743-817E-06CD55B22F3B}.Debug|x64.Build.0 = Debug|x64
		{4FEB551A-DBCD-EE4C-9C29-731483E9AD78}.Release|Win32.ActiveCfg = Release|Win32
		{4FEB551A-DBCD-EE4C-9C29-731483E9AD78}.Release|Win32.Build.0 = Release|Win32
		{4FEB551A-DBCD-EE4C-9C29-731483E9AD78}.Release|x64.ActiveCfg = Release|x64
		{4FEB551A-DBCD-EE4C-9C29-731483E9AD78}.Release|x64.Build.0 = Release|x64
		{4FEB551A-DBCD-EE4C-9C29-731483E9AD78}.Debug|Win32.ActiveCfg = Debug|Win32
		{4FEB551A-DBCD-EE4C-9C29-731483E9AD78}.Debug|Win32.Build.0 = Debug|Win32
		{4FEB551A-DBCD-EE4C-9C29-731483E9AD78}.Debug|x64.ActiveCfg = Debug|x64
		{4FEB551A-DBCD-EE4C-9C29-731483E9AD78}.Debug|x64.Build.0 = Debug|x64
		{14D65E4B-E0C9-EA48-AC1F-D1544F82D917}.Release|Win32.ActiveCfg = Release|Win32
		{14D65E4B-E0C9-EA48-AC1F-D1544F82D917}.Release|Win32.Build.0 = Release|Win32
		{14D65E4B-E0C9-EA48-AC1F-D1544F82D917}.Release|x64.ActiveCfg = Release|x64
		{14D65E4B-E0C9-EA48-AC1F-D1544F82D917}.Release|x64.Build.0 = Release|x64
		{14D65E4B-E0C9-EA48-AC1F-D1544F82D917}.Debug|Win32.ActiveCfg = Debug|Win32
		{14D65E4B-E0C9-EA48-AC1F-D1544F82D917}.Debug|Win32.Build.0 = Debug|Win32
		{14D65E4B-E0C9-EA48-AC1F-D1544F82D917}.Debug|x64.ActiveCfg = Debug|x64
		{14D65E4B-E0C9-EA48-AC1F-D1544F82D917}.Debug|x64.Build.0 = Debug|x64
		{7FB5F636-D1EF-174C-8EE5-C3C5DA33E4BD}.Release|Win32.ActiveCfg = Release|Win32
		{7FB5F636-D1EF-174C-8EE5-C3C5DA33E4BD}.Release|Win32.Build.0 = Release|Win32
		{7FB5F636-D1EF-174C-8EE5-C3C5DA33E4BD}.Release|x64.ActiveCfg = Release|x64
		{7FB5F636-D1EF-174C-8EE5-C3C5DA33E4BD}.Release|x64.Build.0 = Release|x64
		{7FB5F636-D1EF-174C-8EE5-C3C5DA33E4BD}.Debug|Win32.ActiveCfg = Debug|Win32
		{7FB5F636-D1EF-174C-8EE5-C3C5DA33E4BD}.Debug|Win32.Build.0 = Debug|Win32
		{7FB5F636-D1EF-174C-8EE5-C3C5DA33E4BD}.Debug|x64.ActiveCfg = Debug|x64
		{7FB5F636-D1EF-174C-8EE5-C3C5DA33E4BD}.Debug|x64.Build.0 = Debug|x64
		{23F0DB1B-B13F-F14E-819E-48B144935545}.Release|Win32.ActiveCfg = Release|Win32
		{23F0DB1B-B13F-F14E-819E-48B144935545}.Release|Win32.Build.0 = Release|Win32
		{23F0DB1B-B13F-F14E-819E-48B144935545}.Release|x64.ActiveCfg = Release|x64
		{23F0DB1B-B13F-F14E-819E-48B144935545}.Release|x64.Build.0 = Release|x64
		{23F0DB1B-B13F-F14E-819E-48B144935545}.Debug|Win32.ActiveCfg = Debug|Win32
		{23F0DB1B-B13F-F14E-819E-48B144935545}.Debug|Win32.Build.0 = Debug|Win32
		{23F0DB1B-B13F-F14E-819E-48B144935545}.Debug|x64.ActiveCfg = Debug|x64
		{23F0DB1B-B13F-F14E-819E-48B144935545}.Debug|x64.Build.0 = Debug|x64
		{7F9EE520-72DF-ED4B-8D9A-1EB7370B071D}.Release|Win32.ActiveCfg = Release|Win32
		{7F9EE520-72DF-ED4B-8D9A-1EB7370B071D}.Release|Win32.Build.0 = Release|Win32
		{7F9EE520-72DF-ED4B-8D9A-1EB7370B071D}.Release|x64.ActiveCfg = Release|x64
		{7F9EE520-72DF-ED4B-8D9A-1EB7370B071D}.Release|x64.Build.0 = Release|x64
		{7F9EE520-72DF-ED4B-8D9A-1EB7370B071D}.Debug|Win32.ActiveCfg = Debug|Win32
		{7F9EE520-72DF-ED4B-8D9A-1EB7370B071D}.Debug|Win32.Build.0 = Debug|Win32
		{7F9EE520-72DF-ED4B-8D9A-1EB7370B071D}.Debug|x64.ActiveCfg = Debug|x64
		{7F9EE520-72DF-ED4B-8D9A-1EB7370B071D}.Debug|x64.Build.0 = Debug|x64
		{3BDACF19-568A-2E4F-AEF2-A1A428E8B3F3}.Release|Win32.ActiveCfg = Release|Win32
		{3BDACF19-568A-2E4F-AEF2-A1A428E8B3F3}.Release|Win32.Build.0 = Release|Win32
		{3BDACF19-568A-2E4F-AEF2-A1A428E8B3F3}.Release|x64.ActiveCfg = Release|x64
		{3BDACF19-568A-2E4F-AEF2-A1A428E8B3F3}.Release|x64.Build.0 = Release|x64
		{3BDACF19-568A-2E4F-AEF2-A1A428E8B3F3}.Debug|Win32.ActiveCfg = Debug|Win32
		{3BDACF19-568A-2E4F-AEF2-A1A428E8B3F3}.Debug|Win32.Build.0 = Debug|Win32
		{3BDACF19-568A-2E4F-AEF2-A1A428E8B3F3}.Debug|x64.ActiveCfg = Debug|x64
		{3BDACF19-568A-2E4F-AEF2-A1A428E8B3F3}.Debug|x64.Build.0 = Debug|x64
		{82BB95AA-2AA5-0348-952D-720577C3A3FE}.Release|Win32.ActiveCfg = Release|Win32
		{82BB95AA-2AA5-0348-952D-720577C3A3FE}.Release|Win32.Build.0 = Release|Win32
		{82BB95AA-2AA5-0348-952D-720577C3A3FE}.Release|x64.ActiveCfg = Release|x64
		{82BB95AA-2AA5-0348-952D-720577C3A3FE}.Release|x64.Build.0 = Release|x64
		{82BB95AA-2AA5-0348-952D-720577C3A3FE}.Debug|Win32.ActiveCfg = Debug|Win32
		{82BB95AA-2AA5-0348-952D-720577C3A3FE}.Debug|Win32.Build.0 = Debug|Win32
		{82BB95AA-2AA5-0348-952D-720577C3A3FE}.Debug|x64.ActiveCfg = Debug|x64
		{82BB95AA-2AA5-0348-952D-720577C3A3FE}.Debug|x64.Build.0 = Debug|x64
		{FE4EDB78-656B-4E4C-9FD3-AE84DBAF686F}.Release|Win32.ActiveCfg = Release|Win32
		{FE4EDB78-656B-4E4C-9FD3-AE84DBAF686F}.Release|Win32.Build.0 = Release|Win32
		{FE4EDB78-656B-4E4C-9FD3-AE84DBAF686F}.Release|x64.ActiveCfg = Release|x64
		{FE4EDB78-656B-4E4C-9FD3-AE84DBAF686F}.Release|x64.Build.0 = Release|x64
		{FE4EDB78-656B-4E4C-9FD3-AE84DBAF686F}.Debug|Win32.ActiveCfg = Debug|Win32
		{FE4EDB78-656B-4E4C-9FD3-AE84DBAF686F}.Debug|Win32.Build.0 = Debug|Win32
		{FE4EDB78-656B-4E4C-9FD3-AE84DBAF686F}.Debug|x64.ActiveCfg = Debug|x64
		{FE4EDB78-656B-4E4C-9FD3-AE84DBAF686F}.Debug|x64.Build.0 = Debug|x64
		{71F74696-F6B8-0444-96A3-12A743EA2E92}.Release|Win32.ActiveCfg = Release|Win32
		{71F74696-F6B8-0444-96A3-12A743EA2E92}.Release|Win32.Build.0 = Release|Win32
		{71F74696-F6B8-0444-96A3-12A743EA2E92}.Release|x64.ActiveCfg = Release|x64
		{71F74696-F6B8-0444-96A3-12A743EA2E92}.Release|x64.Build.0 = Release|x64
		{71F74696-F6B8-0444-96A3-12A743EA2E92}.Debug|Win32.ActiveCfg = Debug|Win32
		{71F74696-F6B8-0444-96A3-12A743EA2E92}.Debug|Win32.Build.0 = Debug|Win32
		{71F74696-F6B8-0444-96A3-12A743EA2E92}.Debug|x64.ActiveCfg = Debug|x64
		{71F74696-F6B8-0444-96A3-12A743EA2E92}.Debug|x64.Build.0 = Debug|x64
		{239730D2-33DE-5C44-9294-D071792F9FBD}.Release|Win32.ActiveCfg = Release|Win32
		{239730D2-33DE-5C44-9294-D071792F9FBD}.Release|Win32.Build.0 = Release|Win32
		{239730D2-33DE-5C44-9294-D071792F9FBD}.Release|x64.ActiveCfg = Release|x64
		{239730D2-33DE-5C44-9294-D071792F9FBD}.Release|x64.Build.0 = Release|x64
		{239730D2-33DE-5C44-9294-D071792F9FBD}.Debug|Win32.ActiveCfg = Debug|Win32
		{239730D2-33DE-5C44-9294-D071792F9FBD}.Debug|Win32.Build.0 = Debug|Win32
		{239730D2-33DE-5C44-9294-D071792F9FBD}.Debug|x64.ActiveCfg = Debug|x64
		{239730D2-33DE-5C44-9294-D071792F9FBD}.Debug|x64.Build.0 = Debug|x64
		{51CEDE7A-7255-A349-8831-7DA05780F60A}.Release|Win32.ActiveCfg = Release|Win32
		{51CEDE7A-7255-A349-8831-7DA05780F60A}.Release|Win32.Build.0 = Release|Win32
		{51CEDE7A-7255-A349-8831-7DA05780F60A}.Release|x64.ActiveCfg = Release|x64
		{51CEDE7A-7255-A349-8831-7DA05780F60A}.Release|x64.Build.0 = Release|x64
		{51CEDE7A-7255-A349-8831-7DA05780F60A}.Debug|Win32.ActiveCfg = Debug|Win32
		{51CEDE7A-7255-A349-8831-7DA05780F60A}.Debug|Win32.Build.0 = Debug|Win32
		{51CEDE7A-7255-A349-8831-7DA05780F60A}.Debug|x64.ActiveCfg = Debug|x64
		{51CEDE7A-7255-A349-8831-7DA05780F60A}.Debug|x64.Build.0 = Debug|x64
		{8C7F41CF-C5B9-0949-B9DC-B369C83C7EDD}.Release|Win32.ActiveCfg = Release|Win32
		{8C7F41CF-C5B9-0949-B9DC-B369C83C7EDD}.Release|Win32.Build.0 = Release|Win32
		{8C7F41CF-C5B9-0949-B9DC-B369C83C7EDD}.Release|x64.ActiveCfg = Release|x64
		{8C7F41CF-C5B9-0949-B9DC-B369C83C7EDD}.Release|x64.Build.0 = Release|x64
		{8C7F41CF-C5B9-0949-B9DC-B369C83C7EDD}.Debug|Win32.ActiveCfg = Debug|Win32
		{8C7F41CF-C5B9-0949-B9DC-B369C83C7EDD}.Debug|Win32.Build.0 = Debug|Win32
		{8C7F41CF-C5B9-0949-B9DC-B369C83C7EDD}.Debug|x64.ActiveCfg = Debug|x64
		{8C7F41CF-C5B9-0949-B9DC-B369C83C7EDD}.Debug|x64.Build.0 = Debug|x64
		{4966AA17-BA17-7447-B739-8AA46838C4BF}.Release|Win32.ActiveCfg = Release|Win32
		{4966AA17-BA17-7447-B739-8AA46838C4BF}.Release|Win32.Build.0 = Release|Win32
		{4966AA17-BA17-7447-B739-8AA46838C4BF}.Release|x64.ActiveCfg = Release|x64
		{4966AA17-BA17-7447-B739-8AA46838C4BF}.Release|x64.Build.0 = Release|x64
		{4966AA17-BA17-7447-B739-8AA46838C4BF}.Debug|Win32.ActiveCfg = Debug|Win32
		{4966AA17-BA17-7447-B739-8AA46838C4BF}.Debug|Win32.Build.0 = Debug|Win32
		{4966AA17-BA17-7447-B739-8AA46838C4BF}.Debug|x64.ActiveCfg = Debug|x64
		{4966AA17-BA17-7447-B739-8AA46838C4BF}.Debug|x64.Build.0 = Debug|x64
		{67DBDB03-8A2D-D64D-96AA-3301F0568BBD}.Release|Win32.ActiveCfg = Release|Win32
		{67DBDB03-8A2D-D64D-96AA-3301F0568BBD}.Release|Win32.Build.0 = Release|Win32
		{67DBDB03-8A2D-D64D-96AA-3301F0568BBD}.Release|x64.ActiveCfg = Release|x64
		{67DBDB03-8A2D-D64D-96AA-3301F0568BBD}.Release|x64.Build.0 = Release|x64
		{67DBDB03-8A2D-D64D-96AA-3301F0568BBD}.Debug|Win32.ActiveCfg = Debug|Win32
		{67DBDB03-8A2D-D64D-96AA-3301F0568BBD}.Debug|Win32.Build.0 = Debug|Win32
		{67DBDB03-8A2D-D64D-96AA-3301F0568BBD}.Debug|x64.ActiveCfg = Debug|x64
		{67DBDB03-8A2D-D64D-96AA-3301F0568BBD}.Debug|x64.Build.0 = Debug|x64
		{FEE6D8CB-145B-5844-8B91-95C5AE649FC8}.Release|Win32.ActiveCfg = Release|Win32
		{FEE6D8CB-145B-5844-8B91-95C5AE649FC8}.Release|Win32.Build.0 = Release|Win32
		{FEE6D8CB-145B-5844-8B91-95C5AE649FC8}.Release|x64.ActiveCfg = Release|x64
		{FEE6D8CB-145B-5844-8B91-95C5AE649FC8}.Release|x64.Build.0 = Release|x64
		{FEE6D8CB-145B-5844-8B91-95C5AE649FC8}.Debug|Win32.ActiveCfg = Debug|Win32
		{FEE6D8CB-145B-5844-8B91-95C5AE649FC8}.Debug|Win32.Build.0 = Debug|Win32
		{FEE6D8CB-145B-5844-8B91-95C5AE649FC8}.Debug|x64.ActiveCfg = Debug|x64
		{FEE6D8CB-145B-5844-8B91-95C5AE649FC8}.Debug|x64.Build.0 = Debug|x64
		{0D4DCF5D-0242-0147-ACF2-A68224E616D5}.Release|Win32.ActiveCfg = Release|Win32
		{0D4DCF5D-0242-0147-ACF2-A68224E616D5}.Release|Win32.Build.0 = Release|Win32
		{0D4DCF5D-0242-0147-ACF2-A68224E616D5}.Release|x64.ActiveCfg = Release|x64
		{0D4DCF5D-0242-0147-ACF2-A68224E616D5}.Release|x64.Build.0 = Release|x64
		{0D4DCF5D-0242-0147-ACF2-A68224E616D5}.Debug|Win32.ActiveCfg = Debug|Win32
		{0D4DCF5D-0242-0147-ACF2-A68224E616D5}.Debug|Win32.Build.0 = Debug|Win32
		{0D4DCF5D-0242-0147-ACF2-A68224E616D5}.Debug|x64.ActiveCfg = Debug|x64
		{0D4DCF5D-0242-0147-ACF2-A68224E616D5}.Debug|x64.Build.0 = Debug|x64
		{6E520062-1AD5-5042-A39E-D4379526909B}.Release|Win32.ActiveCfg = Release|Win32
		{6E520062-1AD5-5042-A39E-D4379526909B}.Release|Win32.Build.0 = Release|Win32
		{6E520062-1AD5-5042-A39E-D4379526909B}.Release|x64.ActiveCfg = Release|x64
		{6E520062-1AD5-5042-A39E-D4379526909B}.Release|x64.Build.0 = Release|x64
		{6E520062-1AD5-5042-A39E-D4379526909B}.Debug|Win32.ActiveCfg = Debug|Win32
		{6E520062-1AD5-5042-A39E-D4379526909B}.Debug|Win32.Build.0 = Debug|Win32
		{6E520062-1AD5-5042-A39E-D4379526909B}.Debug|x64.ActiveCfg = Debug|x64
		{6E520062-1AD5-5042-A39E-D4379526909B}.Debug|x64.Build.0 = Debug|x64
		{BB5F731A-727D-3E48-85B6-14C0079800CF}.Release|Win32.ActiveCfg = Release|Win32
		{BB5F731A-727D-3E48-85B6-14C0079800CF}.Release|Win32.Build.0 = Release|Win32
		{BB5F731A-727D-3E48-85B6-14C0079800CF}.Release|x64.ActiveCfg = Release|x64
		{BB5F731A-727D-3E48-85B6-14C0079800CF}.Release|x64.Build.0 = Release|x64
		{BB5F731A-727D-3E48-85B6-14C0079800CF}.Debug|Win32.ActiveCfg = Debug|Win32
		{BB5F731A-727D-3E48-85B6-14C0079800CF}.Debug|Win32.Build.0 = Debug|Win32
		{BB5F731A-727D-3E48-85B6-14C0079800CF}.Debug|x64.ActiveCfg = Debug|x64
		{BB5F731A-727D-3E48-85B6-14C0079800CF}.Debug|x64.Build.0 = Debug|x64
		{8FD4FCB3-FF01-8347-BBA8-59ABD2FF2014}.Release|Win32.ActiveCfg = Release|Win32
		{8FD4FCB3-FF01-8347-BBA8-59ABD2FF2014}.Release|Win32.Build.0 = Release|Win32
		{8FD4FCB3-FF01-8347-BBA8-59ABD2FF2014}.Release|x64.ActiveCfg = Release|x64
		{8FD4FCB3-FF01-8347-BBA8-59ABD2FF2014}.Release|x64.Build.0 = Release|x64
		{8FD4FCB3-FF01-8347-BBA8-59ABD2FF2014}.Debug|Win32.ActiveCfg = Debug|Win32
		{8FD4FCB3-FF01-8347-BBA8-59ABD2FF2014}.Debug|Win32.Build.0 = Debug|Win32
		{8FD4FCB3-FF01-8347-BBA8-59ABD2FF2014}.Debug|x64.ActiveCfg = Debug|x64
		{8FD4FCB3-FF01-8347-BBA8-59ABD2FF2014}.Debug|x64.Build.0 = Debug|x64
		{888D414A-206B-3846-9586-F8915DB30D42}.Release|Win32.ActiveCfg = Release|Win32
		{888D414A-206B-3846-9586-F8915DB30D42}.Release|Win32.Build.0 = Release|Win32
		{888D414A-206B-3846-9586-F8915DB30D42}.Release|x64.ActiveCfg = Release|x64
		{888D414A-206B-3846-9586-F8915DB30D42}.Release|x64.Build.0 = Release|x64
		{888D414A-206B-3846-9586-F8915DB30D42}.Debug|Win32.ActiveCfg = Debug|Win32
		{888D414A-206B-3846-9586-F8915DB30D42}.Debug|Win32.Build.0 = Debug|Win32
		{888D414A-206B-3846-9586-F8915DB30D42}.Debug|x64.ActiveCfg = Debug|x64
		{888D414A-206B-3846-9586-F8915DB30D42}.Debug|x64.Build.0 = Debug|x64
		{FBE37636-1B0A-2C44-9FD6-A62533AA15F1}.Release|Win32.ActiveCfg = Release|Win32
		{FBE37636-1B0A-2C44-9FD6-A62533AA15F1}.Release|Win32.Build.0 = Release|Win32
		{FBE37636-1B0A-2C44-9FD6-A62533AA15F1}.Release|x64.ActiveCfg = Release|x64
		{FBE37636-1B0A-2C44-9FD6-A62533AA15F1}.Release|x64.Build.0 = Release|x64
		{FBE37636-1B0A-2C44-9FD6-A62533AA15F1}.Debug|Win32.ActiveCfg = Debug|Win32
		{FBE37636-1B0A-2C44-9FD6-A62533AA15F1}.Debug|Win32.Build.0 = Debug|Win32
		{FBE37636-1B0A-2C44-9FD6-A62533AA15F1}.Debug|x64.ActiveCfg = Debug|x64
		{FBE37636-1B0A-2C44-9FD6-A62533AA15F1}.Debug|x64.Build.0 = Debug|x64
		{365B3593-2126-B242-A047-9A5D39782E83}.Release|Win32.ActiveCfg = Release|Win32
		{365B3593-2126-B242-A047-9A5D39782E83}.Release|Win32.Build.0 = Release|Win32
		{365B3593-2126-B242-A047-9A5D39782E83}.Release|x64.ActiveCfg = Release|x64
		{365B3593-2126-B242-A047-9A5D39782E83}.Release|x64.Build.0 = Release|x64
		{365B3593-2126-B242-A047-9A5D39782E83}.Debug|Win32.ActiveCfg = Debug|Win32
		{365B3593-2126-B242-A047-9A5D39782E83}.Debug|Win32.Build.0 = Debug|Win32
		{365B3593-2126-B242-A047-9A5D39782E83}.Debug|x64.ActiveCfg = Debug|x64
		{365B3593-2126-B242-A047-9A5D39782E83}.Debug|x64.Build.0 = Debug|x64
		{0B06FD7F-834A-5B47-B692-344AFF86C58A}.Release|Win32.ActiveCfg = Release|Win32
		{0B06FD7F-834A-5B47-B692-344AFF86C58A}.Release|Win32.Build.0 = Release|Win32
		{0B06FD7F-834A-5B47-B692-344AFF86C58A}.Release|x64.ActiveCfg = Release|x64
		{0B06FD7F-834A-5B47-B692-344AFF86C58A}.Release|x64.Build.0 = Release|x64
		{0B06FD7F-834A-5B47-B692-344AFF86C58A}.Debug|Win32.ActiveCfg = Debug|Win32
		{0B06FD7F-834A-5B47-B692-344AFF86C58A}.Debug|Win32.Build.0 = Debug|Win32
		{0B06FD7F-834A-5B47-B692-344AFF86C58A}.Debug|x64.ActiveCfg = Debug|x64
		{0B06FD7F-834A-5B47-B692-344AFF86C58A}.Debug|x64.Build.0 = Debug|x64
		{45D2C19D-6A45-E147-BA66-1E733633AE8E}.Release|Win32.ActiveCfg = Release|Win32
		{45D2C19D-6A45-E147-BA66-1E733633AE8E}.Release|Win32.Build.0 = Release|Win32
		{45D2C19D-6A45-E147-BA66-1E733633AE8E}.Release|x64.ActiveCfg = Release|x64
		{45D2C19D-6A45-E147-BA66-1E733633AE8E}.Release|x64.Build.0 = Release|x64
		{45D2C19D-6A45-E147-BA66-1E733633AE8E}.Debug|Win32.ActiveCfg = Debug|Win32
		{45D2C19D-6A45-E147-BA66-1E733633AE8E}.Debug|Win32.Build.0 = Debug|Win32
		{45D2C19D-6A45-E147-BA66-1E733633AE8E}.Debug|x64.ActiveCfg = Debug|x64
		{45D2C19D-6A45-E147-BA66-1E733633AE8E}.Debug|x64.Build.0 = Debug|x64
		{3DE3A413-5CC7-7E4E-8BF8-8137E555ACCB}.Release|Win32.ActiveCfg = Release|Win32
		{3DE3A413-5CC7-7E4E-8BF8-8137E555ACCB}.Release|Win32.Build.0 = Release|Win32
		{3DE3A413-5CC7-7E4E-8BF8-8137E555ACCB}.Release|x64.ActiveCfg = Release|x64
		{3DE3A413-5CC7-7E4E-8BF8-8137E555ACCB}.Release|x64.Build.0 = Release|x64
		{3DE3A413-5CC7-7E4E-8BF8-8137E555ACCB}.Debug|Win32.ActiveCfg = Debug|Win32
		{3DE3A413-5CC7-7E4E-8BF8-8137E555ACCB}.Debug|Win32.Build.0 = Debug|Win32
		{3DE3A413-5CC7-7E4E-8BF8-8137E555ACCB}.Debug|x64.ActiveCfg = Debug|x64
		{3DE3A413-5CC7-7E4E-8BF8-8137E555ACCB}.Debug|x64.Build.0 = Debug|x64
		{CCEC5AF8-0B49-2944-96EA-34C04A1A3683}.Release|Win32.ActiveCfg = Release|Win32
		{CCEC5AF8-0B49-2944-96EA-34C04A1A3683}.Release|Win32.Build.0 = Release|Win32
		{CCEC5AF8-0B49-2944-96EA-34C04A1A3683}.Release|x64.ActiveCfg = Release|x64
		{CCEC5AF8-0B49-2944-96EA-34C04A1A3683}.Release|x64.Build.0 = Release|x64
		{CCEC5AF8-0B49-2944-96EA-34C04A1A3683}.Debug|Win32.ActiveCfg = Debug|Win32
		{CCEC5AF8-0B49-2944-96EA-34C04A1A3683}.Debug|Win32.Build.0 = Debug|Win32
		{CCEC5AF8-0B49-2944-96EA-34C04A1A3683}.Debug|x64.ActiveCfg = Debug|x64
		{CCEC5AF8-0B49-2944-96EA-34C04A1A3683}.Debug|x64.Build.0 = Debug|x64
		{7B19805B-0BF7-1048-A3D9-4A3CFC0F459A}.Release|Win32.ActiveCfg = Release|Win32
		{7B19805B-0BF7-1048-A3D9-4A3CFC0F459A}.Release|Win32.Build.0 = Release|Win32
		{7B19805B-0BF7-1048-A3D9-4A3CFC0F459A}.Release|x64.ActiveCfg = Release|x64
		{7B19805B-0BF7-1048-A3D9-4A3CFC0F459A}.Release|x64.Build.0 = Release|x64
		{7B19805B-0BF7-1048-A3D9-4A3CFC0F459A}.Debug|Win32.ActiveCfg = Debug|Win32
		{7B19805B-0BF7-1048-A3D9-4A3CFC0F459A}.Debug|Win32.Build.0 = Debug|Win32
		{7B19805B-0BF7-1048-A3D9-4A3CFC0F459A}.Debug|x64.ActiveCfg = Debug|x64
		{7B19805B-0BF7-1048-A3D9-4A3CFC0F459A}.Debug|x64.Build.0 = Debug|x64
		{F0298FB7-35C4-AB4B-9FDA-D6C4859B73C4}.Release|Win32.ActiveCfg = Release|Win32
		{F0298FB7-35C4-AB4B-9FDA-D6C4859B73C4}.Release|Win32.Build.0 = Release|Win32
		{F0298FB7-35C4-AB4B-9FDA-D6C4859B73C4}.Release|x64.ActiveCfg = Release|x64
		{F0298FB7-35C4-AB4B-9FDA-D6C4859B73C4}.Release|x64.Build.0 = Release|x64
		{F0298FB7-35C4-AB4B-9FDA-D6C4859B73C4}.Debug|Win32.ActiveCfg = Debug|Win32
		{F0298FB7-35C4-AB4B-9FDA-D6C4859B73C4}.Debug|Win32.Build.0 = Debug|Win32
		{F0298FB7-35C4-AB4B-9FDA-D6C4859B73C4}.Debug|x64.ActiveCfg = Debug|x64
		{F0298FB7-35C4-AB4B-9FDA-D6C4859B73C4}.Debug|x64.Build.0 = Debug|x64
		{10DC066A-68FD-6F4D-9ED2-6180144A34E1}.Release|Win32.ActiveCfg = Release|Win32
		{10DC066A-68FD-6F4D-9ED2-6180144A34E1}.Release|Win32.Build.0 = Release|Win32
		{10DC066A-68FD-6F4D-9ED2-6180144A34E1}.Release|x64.ActiveCfg = Release|x64
		{10DC066A-68FD-6F4D-9ED2-6180144A34E1}.Release|x64.Build.0 = Release|x64
		{10DC066A-68FD-6F4D-9ED2-6180144A34E1}.Debug|Win32.ActiveCfg = Debug|Win32
		{10DC066A-68FD-6F4D-9ED2-6180144A34E1}.Debug|Win32.Build.0 = Debug|Win32
		{10DC066A-68FD-6F4D-9ED2-6180144A34E1}.Debug|x64.ActiveCfg = Debug|x64
		{10DC066A-68FD-6F4D-9ED2-6180144A34E1}.Debug|x64.Build.0 = Debug|x64
		{0562CD62-6D22-4847-B7DE-43F47E8C27B5}.Release|Win32.ActiveCfg = Release|Win32
		{0562CD62-6D22-4847-B7DE-43F47E8C27B5}.Release|Win32.Build.0 = Release|Win32
		{0562CD62-6D22-4847-B7DE-43F47E8C27B5}.Release|x64.ActiveCfg = Release|x64
		{0562CD62-6D22-4847-B7DE-43F47E8C27B5}.Release|x64.Build.0 = Release|x64
		{0562CD62-6D22-4847-B7DE-43F47E8C27B5}.Debug|Win32.ActiveCfg = Debug|Win32
		{0562CD62-6D22-4847-B7DE-43F47E8C27B5}.Debug|Win32.Build.0 = Debug|Win32
		{0562CD62-6D22-4847-B7DE-43F47E8C27B5}.Debug|x64.ActiveCfg = Debug|x64
		{0562CD62-6D22-4847-B7DE-43F47E8C27B5}.Debug|x64.Build.0 = Debug|x64
		{FC8A9E56-CDA0-F54D-8EE1-C7942ACB4A03}.Release|Win32.ActiveCfg = Release|Win32
		{FC8A9E56-CDA0-F54D-8EE1-C7942ACB4A03}.Release|Win32.Build.0 = Release|Win32
		{FC8A9E56-CDA0-F54D-8EE1-C7942ACB4A03}.Release|x64.ActiveCfg = Release|x64
		{FC8A9E56-CDA0-F54D-8EE1-C7942ACB4A03}.Release|x64.Build.0 = Release|x64
		{FC8A9E56-CDA0-F54D-8EE1-C7942ACB4A03}.Debug|Win32.ActiveCfg = Debug|Win32
		{FC8A9E56-CDA0-F54D-8EE1-C7942ACB4A03}.Debug|Win32.Build.0 = Debug|Win32
		{FC8A9E56-CDA0-F54D-8EE1-C7942ACB4A03}.Debug|x64.ActiveCfg = Debug|x64
		{FC8A9E56-CDA0-F54D-8EE1-C7942ACB4A03}.Debug|x64.Build.0 = Debug|x64
		{29637055-7949-4147-AADB-A2EAC65651AF}.Release|Win32.ActiveCfg = Release|Win32
		{29637055-7949-4147-AADB-A2EAC65651AF}.Release|Win32.Build.0 = Release|Win32
		{29637055-7949-4147-AADB-A2EAC65651AF}.Release|x64.ActiveCfg = Release|x64
		{29637055-7949-4147-AADB-A2EAC65651AF}.Release|x64.Build.0 = Release|x64
		{29637055-7949-4147-AADB-A2EAC65651AF}.Debug|Win32.ActiveCfg = Debug|Win32
		{29637055-7949-4147-AADB-A2EAC65651AF}.Debug|Win32.Build.0 = Debug|Win32
		{29637055-7949-4147-AADB-A2EAC65651AF}.Debug|x64.ActiveCfg = Debug|x64
		{29637055-7949-4147-AADB-A2EAC65651AF}.Debug|x64.Build.0 = Debug|x64
		{2DE68520-FC46-6645-B566-E619418253D3}.Release|Win32.ActiveCfg = Release|Win32
		{2DE68520-FC46-6645-B566-E619418253D3}.Release|Win32.Build.0 = Release|Win32
		{2DE68520-FC46-6645-B566-E619418253D3}.Release|x64.ActiveCfg = Release|x64
		{2DE68520-FC46-6645-B566-E619418253D3}.Release|x64.Build.0 = Release|x64
		{2DE68520-FC46-6645-B566-E619418253D3}.Debug|Win32.ActiveCfg = Debug|Win32
		{2DE68520-FC46-6645-B566-E619418253D3}.Debug|Win32.Build.0 = Debug|Win32
		{2DE68520-FC46-6645-B566-E619418253D3}.Debug|x64.ActiveCfg = Debug|x64
		{2DE68520-FC46-6645-B566-E619418253D3}.Debug|x64.Build.0 = Debug|x64
		{1C53A5D3-5174-2C41-A876-9626F9B4301A}.Release|Win32.ActiveCfg = Release|Win32
		{1C53A5D3-5174-2C41-A876-9626F9B4301A}.Release|Win32.Build.0 = Release|Win32
		{1C53A5D3-5174-2C41-A876-9626F9B4301A}.Release|x64.ActiveCfg = Release|x64
		{1C53A5D3-5174-2C41-A876-9626F9B4301A}.Release|x64.Build.0 = Release|x64
		{1C53A5D3-5174-2C41-A876-9626F9B4301A}.Debug|Win32.ActiveCfg = Debug|Win32
		{1C53A5D3-5174-2C41-A876-9626F9B4301A}.Debug|Win32.Build.0 = Debug|Win32
		{1C53A5D3-5174-2C41-A876-9626F9B4301A}.Debug|x64.ActiveCfg = Debug|x64
		{1C53A5D3-5174-2C41-A876-9626F9B4301A}.Debug|x64.Build.0 = Debug|x64
		{B889E728-CDD1-A244-8EC2-4A3069543FD4}.Release|Win32.ActiveCfg = Release|Win32
		{B889E728-CDD1-A244-8EC2-4A3069543FD4}.Release|Win32.Build.0 = Release|Win32
		{B889E728-CDD1-A244-8EC2-4A3069543FD4}.Release|x64.ActiveCfg = Release|x64
		{B889E728-CDD1-A244-8EC2-4A3069543FD4}.Release|x64.Build.0 = Release|x64
		{B889E728-CDD1-A244-8EC2-4A3069543FD4}.Debug|Win32.ActiveCfg = Debug|Win32
		{B889E728-CDD1-A244-8EC2-4A3069543FD4}.Debug|Win32.Build.0 = Debug|Win32
		{B889E728-CDD1-A244-8EC2-4A3069543FD4}.Debug|x64.ActiveCfg = Debug|x64
		{B889E728-CDD1-A244-8EC2-4A3069543FD4}.Debug|x64.Build.0 = Debug|x64
		{76BDC744-2855-1E4C-AD4C-690A08F423C6}.Release|Win32.ActiveCfg = Release|Win32
		{76BDC744-2855-1E4C-AD4C-690A08F423C6}.Release|Win32.Build.0 = Release|Win32
		{76BDC744-2855-1E4C-AD4C-690A08F423C6}.Release|x64.ActiveCfg = Release|x64
		{76BDC744-2855-1E4C-AD4C-690A08F423C6}.Release|x64.Build.0 = Release|x64
		{76BDC744-2855-1E4C-AD4C-690A08F423C6}.Debug|Win32.ActiveCfg = Debug|Win32
		{76BDC744-2855-1E4C-AD4C-690A08F423C6}.Debug|Win32.Build.0 = Debug|Win32
		{76BDC744-2855-1E4C-AD4C-690A08F423C6}.Debug|x64.ActiveCfg = Debug|x64
		{76BDC744-2855-1E4C-AD4C-690A08F423C6}.Debug|x64.Build.0 = Debug|x64
		{750EAE8D-174A-5B4B-B941-5B16FDB44247}.Release|Win32.ActiveCfg = Release|Win32
		{750EAE8D-174A-5B4B-B941-5B16FDB44247}.Release|Win32.Build.0 = Release|Win32
		{750EAE8D-174A-5B4B-B941-5B16FDB44247}.Release|x64.ActiveCfg = Release|x64
		{750EAE8D-174A-5B4B-B941-5B16FDB44247}.Release|x64.Build.0 = Release|x64
		{750EAE8D-174A-5B4B-B941-5B16FDB44247}.Debug|Win32.ActiveCfg = Debug|Win32
		{750EAE8D-174A-5B4B-B941-5B16FDB44247}.Debug|Win32.Build.0 = Debug|Win32
		{750EAE8D-174A-5B4B-B941-5B16FDB44247}.Debug|x64.ActiveCfg = Debug|x64
		{750EAE8D-174A-5B4B-B941-5B16FDB44247}.Debug|x64.Build.0 = Debug|x64
		{B3A7B1DA-D8B0-5549-ACD0-FFE26115611A}.Release|Win32.ActiveCfg = Release|Win32
		{B3A7B1DA-D8B0-5549-ACD0-FFE26115611A}.Release|Win32.Build.0 = Release|Win32
		{B3A7B1DA-D8B0-5549-ACD0-FFE26115611A}.Release|x64.ActiveCfg = Release|x64
		{B3A7B1DA-D8B0-5549-ACD0-FFE26115611A}.Release|x64.Build.0 = Release|x64
		{B3A7B1DA-D8B0-5549-ACD0-FFE26115611A}.Debug|Win32.ActiveCfg = Debug|Win32
		{B3A7B1DA-D8B0-5549-ACD0-FFE26115611A}.Debug|Win32.Build.0 = Debug|Win32
		{B3A7B1DA-D8B0-5549-ACD0-FFE26115611A}.Debug|x64.ActiveCfg = Debug|x64
		{B3A7B1DA-D8B0-5549-ACD0-FFE26115611A}.Debug|x64.Build.0 = Debug|x64
		{D15FC79F-39EB-BE46-9137-52ABCE468799}.Release|Win32.ActiveCfg = Release|Win32
		{D15FC79F-39EB-BE46-9137-52ABCE468799}.Release|Win32.Build.0 = Release|Win32
		{D15FC79F-39EB-BE46-9137-52ABCE468799}.Release|x64.ActiveCfg = Release|x64
		{D15FC79F-39EB-BE46-9137-52ABCE468799}.Release|x64.Build.0 = Release|x64
		{D15FC79F-39EB-BE46-9137-52ABCE468799}.Debug|Win32.ActiveCfg = Debug|Win32
		{D15FC79F-39EB-BE46-9137-52ABCE468799}.Debug|Win32.Build.0 = Debug|Win32
		{D15FC79F-39EB-BE46-9137-52ABCE468799}.Debug|x64.ActiveCfg = Debug|x64
		{D15FC79F-39EB-BE46-9137-52ABCE468799}.Debug|x64.Build.0 = Debug|x64
		{A7F84D27-12CF-1A41-B2EC-D645C4201848}.Release|Win32.ActiveCfg = Release|Win32
		{A7F84D27-12CF-1A41-B2EC-D645C4201848}.Release|Win32.Build.0 = Release|Win32
		{A7F84D27-12CF-1A41-B2EC-D645C4201848}.Release|x64.ActiveCfg = Release|x64
		{A7F84D27-12CF-1A41-B2EC-D645C4201848}.Release|x64.Build.0 = Release|x64
		{A7F84D27-12CF-1A41-B2EC-D645C4201848}.Debug|Win32.ActiveCfg = Debug|Win32
		{A7F84D27-12CF-1A41-B2EC-D645C4201848}.Debug|Win32.Build.0 = Debug|Win32
		{A7F84D27-12CF-1A41-B2EC-D645C4201848}.Debug|x64.ActiveCfg = Debug|x64
		{A7F84D27-12CF-1A41-B2EC-D645C4201848}.Debug|x64.Build.0 = Debug|x64
		{EB8FC4D1-F0F7-614A-8810-499B56252EFD}.Release|Win32.ActiveCfg = Release|Win32
		{EB8FC4D1-F0F7-614A-8810-499B56252EFD}.Release|Win32.Build.0 = Release|Win32
		{EB8FC4D1-F0F7-614A-8810-499B56252EFD}.Release|x64.ActiveCfg = Release|x64
		{EB8FC4D1-F0F7-614A-8810-499B56252EFD}.Release|x64.Build.0 = Release|x64
		{EB8FC4D1-F0F7-614A-8810-499B56252EFD}.Debug|Win32.ActiveCfg = Debug|Win32
		{EB8FC4D1-F0F7-614A-8810-499B56252EFD}.Debug|Win32.Build.0 = Debug|Win32
		{EB8FC4D1-F0F7-614A-8810-499B56252EFD}.Debug|x64.ActiveCfg = Debug|x64
		{EB8FC4D1-F0F7-614A-8810-499B56252EFD}.Debug|x64.Build.0 = Debug|x64
		{9491C2F3-9B3C-8C4B-94B4-113D7577FA62}.Release|Win32.ActiveCfg = Release|Win32
		{9491C2F3-9B3C-8C4B-94B4-113D7577FA62}.Release|Win32.Build.0 = Release|Win32
		{9491C2F3-9B3C-8C4B-94B4-113D7577FA62}.Release|x64.ActiveCfg = Release|x64
		{9491C2F3-9B3C-8C4B-94B4-113D7577FA62}.Release|x64.Build.0 = Release|x64
		{9491C2F3-9B3C-8C4B-94B4-113D7577FA62}.Debug|Win32.ActiveCfg = Debug|Win32
		{9491C2F3-9B3C-8C4B-94B4-113D7577FA62}.Debug|Win32.Build.0 = Debug|Win32
		{9491C2F3-9B3C-8C4B-94B4-113D7577FA62}.Debug|x64.ActiveCfg = Debug|x64
		{9491C2F3-9B3C-8C4B-94B4-113D7577FA62}.Debug|x64.Build.0 = Debug|x64
		{D46FD285-AC1E-3D4A-AD1B-83472530C67B}.Release|Win32.ActiveCfg = Release|Win32
		{D46FD285-AC1E-3D4A-AD1B-83472530C67B}.Release|Win32.Build.0 = Release|Win32
		{D46FD285-AC1E-3D4A-AD1B-83472530C67B}.Release|x64.ActiveCfg = Release|x64
		{D46FD285-AC1E-3D4A-AD1B-83472530C67B}.Release|x64.Build.0 = Release|x64
		{D46FD285-AC1E-3D4A-AD1B-83472530C67B}.Debug|Win32.ActiveCfg = Debug|Win32
		{D46FD285-AC1E-3D4A-AD1B-83472530C67B}.Debug|Win32.Build.0 = Debug|Win32
		{D46FD285-AC1E-3D4A-AD1B-83472530C67B}.Debug|x64.ActiveCfg = Debug|x64
		{D46FD285-AC1E-3D4A-AD1B-83472530C67B}.Debug|x64.Build.0 = Debug|x64
		{307904CF-329C-A540-AFAE-98A7739EF0AA}.Release|Win32.ActiveCfg = Release|Win32
		{307904CF-329C-A540-AFAE-98A7739EF0AA}.Release|Win32.Build.0 = Release|Win32
		{307904CF-329C-A540-AFAE-98A7739EF0AA}.Release|x64.ActiveCfg = Release|x64
		{307904CF-329C-A540-AFAE-98A7739EF0AA}.Release|x64.Build.0 = Release|x64
		{307904CF-329C-A540-AFAE-98A7739EF0AA}.Debug|Win32.ActiveCfg = Debug|Win32
		{307904CF-329C-A540-AFAE-98A7739EF0AA}.Debug|Win32.Build.0 = Debug|Win32
		{307904CF-329C-A540-AFAE-98A7739EF0AA}.Debug|x64.ActiveCfg = Debug|x64
		{307904CF-329C-A540-AFAE-98A7739EF0AA}.Debug|x64.Build.0 = Debug|x64
		{6739BFE3-A484-6445-850D-7CEBF8EB1D63}.Release|Win32.ActiveCfg = Release|Win32
		{6739BFE3-A484-6445-850D-7CEBF8EB1D63}.Release|Win32.Build.0 = Release|Win32
		{6739BFE3-A484-6445-850D-7CEBF8EB1D63}.Release|x64.ActiveCfg = Release|x64
		{6739BFE3-A484-6445-850D-7CEBF8EB1D63}.Release|x64.Build.0 = Release|x64
		{6739BFE3-A484-6445-850D-7CEBF8EB1D63}.Debug|Win32.ActiveCfg = Debug|Win32
		{6739BFE3-A484-6445-850D-7CEBF8EB1D63}.Debug|Win32.Build.0 = Debug|Win32
		{6739BFE3-A484-6445-850D-7CEBF8EB1D63}.Debug|x64.ActiveCfg = Debug|x64
		{6739BFE3-A484-6445-850D-7CEBF8EB1D63}.Debug|x64.Build.0 = Debug|x64
		{98758AB8-6047-BD47-99A5-E4E58A11CD84}.Release|Win32.ActiveCfg = Release|Win32
		{98758AB8-6047-BD47-99A5-E4E58A11CD84}.Release|Win32.Build.0 = Release|Win32
		{98758AB8-6047-BD47-99A5-E4E58A11CD84}.Release|x64.ActiveCfg = Release|x64
		{98758AB8-6047-BD47-99A5-E4E58A11CD84}.Release|x64.Build.0 = Release|x64
		{98758AB8-6047-BD47-99A5-E4E58A11CD84}.Debug|Win32.ActiveCfg = Debug|Win32
		{98758AB8-6047-BD47-99A5-E4E58A11CD84}.Debug|Win32.Build.0 = Debug|Win32
		{98758AB8-6047-BD47-99A5-E4E58A11CD84}.Debug|x64.ActiveCfg = Debug|x64
		{98758AB8-6047-BD47-99A5-E4E58A11CD84}.Debug|x64.Build.0 = Debug|x64
		{6D33B015-935C-8C4B-AA5C-B94760C637C7}.Release|Win32.ActiveCfg = Release|Win32
		{6D33B015-935C-8C4B-AA5C-B94760C637C7}.Release|Win32.Build.0 = Release|Win32
		{6D33B015-935C-8C4B-AA5C-B94760C637C7}.Release|x64.ActiveCfg = Release|x64
		{6D33B015-935C-8C4B-AA5C-B94760C637C7}.Release|x64.Build.0 = Release|x64
		{6D33B015-935C-8C4B-AA5C-B94760C637C7}.Debug|Win32.ActiveCfg = Debug|Win32
		{6D33B015-935C-8C4B-AA5C-B94760C637C7}.Debug|Win32.Build.0 = Debug|Win32
		{6D33B015-935C-8C4B-AA5C-B94760C637C7}.Debug|x64.ActiveCfg = Debug|x64
		{6D33B015-935C-8C4B-AA5C-B94760C637C7}.Debug|x64.Build.0 = Debug|x64
		{E7C3E822-255C-7A43-8135-D98C13F7CB80}.Release|Win32.ActiveCfg = Release|Win32
		{E7C3E822-255C-7A43-8135-D98C13F7CB80}.Release|Win32.Build.0 = Release|Win32
		{E7C3E822-255C-7A43-8135-D98C13F7CB80}.Release|x64.ActiveCfg = Release|x64
		{E7C3E822-255C-7A43-8135-D98C13F7CB80}.Release|x64.Build.0 = Release|x64
		{E7C3E822-255C-7A43-8135-D98C13F7CB80}.Debug|Win32.ActiveCfg = Debug|Win32
		{E7C3E822-255C-7A43-8135-D98C13F7CB80}.Debug|Win32.Build.0 = Debug|Win32
		{E7C3E822-255C-7A43-8135-D98C13F7CB80}.Debug|x64.ActiveCfg = Debug|x64
		{E7C3E822-255C-7A43-8135-D98C13F7CB80}.Debug|x64.Build.0 = Debug|x64
	EndGlobalSection
	GlobalSection(SolutionProperties) = preSolution
		HideSolutionNode = FALSE
	EndGlobalSection
EndGlobal
