<?xml version="1.0" encoding="utf-8"?>
<Project ToolsVersion="4.0" xmlns="http://schemas.microsoft.com/developer/msbuild/2003">
  <ItemGroup>
    <Filter Include="examples">
      <UniqueIdentifier>{ACD660D8-F9C4-374A-9C6E-2CB2B40FBF3A}</UniqueIdentifier>
    </Filter>
    <Filter Include="examples\ThirdPartyLibs">
      <UniqueIdentifier>{CBA53E60-CF1E-514C-869E-7EA417132E52}</UniqueIdentifier>
    </Filter>
    <Filter Include="examples\ThirdPartyLibs\glad">
      <UniqueIdentifier>{5D579BF9-F0B9-E44E-9ED3-1BC97D1A7932}</UniqueIdentifier>
    </Filter>
    <Filter Include="examples\SharedMemory">
      <UniqueIdentifier>{AF0C28E4-52B6-4B42-8410-020CA3D9CC31}</UniqueIdentifier>
    </Filter>
    <Filter Include="examples\RobotSimulator">
      <UniqueIdentifier>{C4E463B4-7C8B-E54E-8AEA-349132842AF7}</UniqueIdentifier>
    </Filter>
    <Filter Include="examples\ExampleBrowser">
      <UniqueIdentifier>{0BAD260E-993E-374F-8329-A8AEAD8A661F}</UniqueIdentifier>
    </Filter>
  </ItemGroup>
  <ItemGroup>
    <ClInclude Include="..\..\examples\SharedMemory\PhysicsClientUDP.h">
      <Filter>examples\SharedMemory</Filter>
    </ClInclude>
    <ClInclude Include="..\..\examples\SharedMemory\PhysicsClientUDP_C_API.h">
      <Filter>examples\SharedMemory</Filter>
    </ClInclude>
    <ClInclude Include="..\..\examples\SharedMemory\PhysicsClientTCP.h">
      <Filter>examples\SharedMemory</Filter>
    </ClInclude>
    <ClInclude Include="..\..\examples\SharedMemory\PhysicsClientTCP_C_API.h">
      <Filter>examples\SharedMemory</Filter>
    </ClInclude>
    <ClInclude Include="..\..\examples\RobotSimulator\b3RobotSimulatorClientAPI.h">
      <Filter>examples\RobotSimulator</Filter>
    </ClInclude>
    <ClInclude Include="..\..\examples\RobotSimulator\MinitaurSetup.h">
      <Filter>examples\RobotSimulator</Filter>
    </ClInclude>
  </ItemGroup>
  <ItemGroup>
    <ClCompile Include="..\..\examples\ThirdPartyLibs\glad\gl.c">
      <Filter>examples\ThirdPartyLibs\glad</Filter>
    </ClCompile>
    <ClCompile Include="..\..\examples\SharedMemory\PhysicsClientUDP.cpp">
      <Filter>examples\SharedMemory</Filter>
    </ClCompile>
    <ClCompile Include="..\..\examples\SharedMemory\PhysicsClientUDP_C_API.cpp">
      <Filter>examples\SharedMemory</Filter>
    </ClCompile>
    <ClCompile Include="..\..\examples\SharedMemory\PhysicsClientTCP.cpp">
      <Filter>examples\SharedMemory</Filter>
    </ClCompile>
    <ClCompile Include="..\..\examples\SharedMemory\PhysicsClientTCP_C_API.cpp">
      <Filter>examples\SharedMemory</Filter>
    </ClCompile>
    <ClCompile Include="..\..\examples\RobotSimulator\RobotSimulatorMain.cpp">
      <Filter>examples\RobotSimulator</Filter>
    </ClCompile>
    <ClCompile Include="..\..\examples\RobotSimulator\b3RobotSimulatorClientAPI.cpp">
      <Filter>examples\RobotSimulator</Filter>
    </ClCompile>
    <ClCompile Include="..\..\examples\RobotSimulator\MinitaurSetup.cpp">
      <Filter>examples\RobotSimulator</Filter>
    </ClCompile>
    <ClCompile Include="..\..\examples\ExampleBrowser\InProcessExampleBrowser.cpp">
      <Filter>examples\ExampleBrowser</Filter>
    </ClCompile>
    <ClCompile Include="..\..\examples\SharedMemory\PhysicsServerExample.cpp">
      <Filter>examples\SharedMemory</Filter>
    </ClCompile>
    <ClCompile Include="..\..\examples\SharedMemory\PhysicsServerExampleBullet2.cpp">
      <Filter>examples\SharedMemory</Filter>
    </ClCompile>
    <ClCompile Include="..\..\examples\SharedMemory\SharedMemoryInProcessPhysicsC_API.cpp">
      <Filter>examples\SharedMemory</Filter>
    </ClCompile>
  </ItemGroup>
</Project>
