<?xml version="1.0" encoding="utf-8"?>
<Project ToolsVersion="4.0" xmlns="http://schemas.microsoft.com/developer/msbuild/2003">
  <ItemGroup>
    <Filter Include="src">
      <UniqueIdentifier>{54A8142F-73B0-3943-BCF6-9167DD0E7C51}</UniqueIdentifier>
    </Filter>
    <Filter Include="src\BulletInverseDynamics">
      <UniqueIdentifier>{CE9631D5-6706-FD4F-9F92-F7DE5BB35AEE}</UniqueIdentifier>
    </Filter>
    <Filter Include="src\BulletInverseDynamics\details">
      <UniqueIdentifier>{74F166AC-05C4-1D45-A777-6622F0D3BECC}</UniqueIdentifier>
    </Filter>
  </ItemGroup>
  <ItemGroup>
    <ClCompile Include="..\..\src\BulletInverseDynamics\IDMath.cpp">
      <Filter>src\BulletInverseDynamics</Filter>
    </ClCompile>
    <ClCompile Include="..\..\src\BulletInverseDynamics\MultiBodyTree.cpp">
      <Filter>src\BulletInverseDynamics</Filter>
    </ClCompile>
    <ClCompile Include="..\..\src\BulletInverseDynamics\details\MultiBodyTreeInitCache.cpp">
      <Filter>src\BulletInverseDynamics\details</Filter>
    </ClCompile>
    <ClCompile Include="..\..\src\BulletInverseDynamics\details\MultiBodyTreeImpl.cpp">
      <Filter>src\BulletInverseDynamics\details</Filter>
    </ClCompile>
  </ItemGroup>
</Project>
