<?xml version="1.0" encoding="utf-8"?>
<Project ToolsVersion="4.0" xmlns="http://schemas.microsoft.com/developer/msbuild/2003">
  <ItemGroup>
    <Filter Include="src">
      <UniqueIdentifier>{E7B30D82-2387-5441-83DC-C7B57114C669}</UniqueIdentifier>
    </Filter>
    <Filter Include="src\clew">
      <UniqueIdentifier>{9E77957D-09E7-C549-BE28-2844BEABA10D}</UniqueIdentifier>
    </Filter>
    <Filter Include="src\Bullet3OpenCL">
      <UniqueIdentifier>{95C9B451-D6B5-C54A-A2D0-B7670C1B0AF7}</UniqueIdentifier>
    </Filter>
    <Filter Include="src\Bullet3OpenCL\BroadphaseCollision">
      <UniqueIdentifier>{95C09416-8953-4046-94A7-13DA03553E27}</UniqueIdentifier>
    </Filter>
    <Filter Include="src\Bullet3OpenCL\Initialize">
      <UniqueIdentifier>{97BB761C-8B99-DA42-9E65-9BD0014701B0}</UniqueIdentifier>
    </Filter>
    <Filter Include="src\Bullet3OpenCL\NarrowphaseCollision">
      <UniqueIdentifier>{A7DC9F93-4D4E-8140-8EFD-A3915ED94E20}</UniqueIdentifier>
    </Filter>
    <Filter Include="src\Bullet3OpenCL\ParallelPrimitives">
      <UniqueIdentifier>{F6B52E5E-F831-3549-A846-1308D2894AC4}</UniqueIdentifier>
    </Filter>
    <Filter Include="src\Bullet3OpenCL\Raycast">
      <UniqueIdentifier>{78136242-8D23-F54A-B30F-965CCC687E66}</UniqueIdentifier>
    </Filter>
    <Filter Include="src\Bullet3OpenCL\RigidBody">
      <UniqueIdentifier>{C180ED15-CD40-134C-989D-806D12A25DEB}</UniqueIdentifier>
    </Filter>
    <Filter Include="src\Bullet3OpenCL\BroadphaseCollision\kernels">
      <UniqueIdentifier>{1B7727B6-E10F-B449-9450-1754BB8E32D9}</UniqueIdentifier>
    </Filter>
    <Filter Include="src\Bullet3OpenCL\NarrowphaseCollision\kernels">
      <UniqueIdentifier>{FF880263-129F-004B-A988-DAD8E0D7DF8B}</UniqueIdentifier>
    </Filter>
    <Filter Include="src\Bullet3OpenCL\ParallelPrimitives\kernels">
      <UniqueIdentifier>{20E76126-4FF1-6545-BAA6-6C82E3AF6182}</UniqueIdentifier>
    </Filter>
    <Filter Include="src\Bullet3OpenCL\Raycast\kernels">
      <UniqueIdentifier>{D6712604-4800-8A4D-8279-39B925EB0250}</UniqueIdentifier>
    </Filter>
    <Filter Include="src\Bullet3OpenCL\RigidBody\kernels">
      <UniqueIdentifier>{EC212279-6E5B-9844-976C-A7FDD932532F}</UniqueIdentifier>
    </Filter>
  </ItemGroup>
  <ItemGroup>
    <ClInclude Include="..\..\src\clew\clew.h">
      <Filter>src\clew</Filter>
    </ClInclude>
    <ClInclude Include="..\..\src\Bullet3OpenCL\BroadphaseCollision\b3GpuBroadphaseInterface.h">
      <Filter>src\Bullet3OpenCL\BroadphaseCollision</Filter>
    </ClInclude>
    <ClInclude Include="..\..\src\Bullet3OpenCL\BroadphaseCollision\b3GpuGridBroadphase.h">
      <Filter>src\Bullet3OpenCL\BroadphaseCollision</Filter>
    </ClInclude>
    <ClInclude Include="..\..\src\Bullet3OpenCL\BroadphaseCollision\b3GpuParallelLinearBvh.h">
      <Filter>src\Bullet3OpenCL\BroadphaseCollision</Filter>
    </ClInclude>
    <ClInclude Include="..\..\src\Bullet3OpenCL\BroadphaseCollision\b3GpuParallelLinearBvhBroadphase.h">
      <Filter>src\Bullet3OpenCL\BroadphaseCollision</Filter>
    </ClInclude>
    <ClInclude Include="..\..\src\Bullet3OpenCL\BroadphaseCollision\b3GpuSapBroadphase.h">
      <Filter>src\Bullet3OpenCL\BroadphaseCollision</Filter>
    </ClInclude>
    <ClInclude Include="..\..\src\Bullet3OpenCL\BroadphaseCollision\b3SapAabb.h">
      <Filter>src\Bullet3OpenCL\BroadphaseCollision</Filter>
    </ClInclude>
    <ClInclude Include="..\..\src\Bullet3OpenCL\BroadphaseCollision\kernels\gridBroadphaseKernels.h">
      <Filter>src\Bullet3OpenCL\BroadphaseCollision\kernels</Filter>
    </ClInclude>
    <ClInclude Include="..\..\src\Bullet3OpenCL\BroadphaseCollision\kernels\parallelLinearBvhKernels.h">
      <Filter>src\Bullet3OpenCL\BroadphaseCollision\kernels</Filter>
    </ClInclude>
    <ClInclude Include="..\..\src\Bullet3OpenCL\BroadphaseCollision\kernels\sapKernels.h">
      <Filter>src\Bullet3OpenCL\BroadphaseCollision\kernels</Filter>
    </ClInclude>
    <ClInclude Include="..\..\src\Bullet3OpenCL\Initialize\b3OpenCLInclude.h">
      <Filter>src\Bullet3OpenCL\Initialize</Filter>
    </ClInclude>
    <ClInclude Include="..\..\src\Bullet3OpenCL\Initialize\b3OpenCLUtils.h">
      <Filter>src\Bullet3OpenCL\Initialize</Filter>
    </ClInclude>
    <ClInclude Include="..\..\src\Bullet3OpenCL\NarrowphaseCollision\b3BvhInfo.h">
      <Filter>src\Bullet3OpenCL\NarrowphaseCollision</Filter>
    </ClInclude>
    <ClInclude Include="..\..\src\Bullet3OpenCL\NarrowphaseCollision\b3ContactCache.h">
      <Filter>src\Bullet3OpenCL\NarrowphaseCollision</Filter>
    </ClInclude>
    <ClInclude Include="..\..\src\Bullet3OpenCL\NarrowphaseCollision\b3ConvexHullContact.h">
      <Filter>src\Bullet3OpenCL\NarrowphaseCollision</Filter>
    </ClInclude>
    <ClInclude Include="..\..\src\Bullet3OpenCL\NarrowphaseCollision\b3ConvexPolyhedronCL.h">
      <Filter>src\Bullet3OpenCL\NarrowphaseCollision</Filter>
    </ClInclude>
    <ClInclude Include="..\..\src\Bullet3OpenCL\NarrowphaseCollision\b3GjkEpa.h">
      <Filter>src\Bullet3OpenCL\NarrowphaseCollision</Filter>
    </ClInclude>
    <ClInclude Include="..\..\src\Bullet3OpenCL\NarrowphaseCollision\b3OptimizedBvh.h">
      <Filter>src\Bullet3OpenCL\NarrowphaseCollision</Filter>
    </ClInclude>
    <ClInclude Include="..\..\src\Bullet3OpenCL\NarrowphaseCollision\b3QuantizedBvh.h">
      <Filter>src\Bullet3OpenCL\NarrowphaseCollision</Filter>
    </ClInclude>
    <ClInclude Include="..\..\src\Bullet3OpenCL\NarrowphaseCollision\b3StridingMeshInterface.h">
      <Filter>src\Bullet3OpenCL\NarrowphaseCollision</Filter>
    </ClInclude>
    <ClInclude Include="..\..\src\Bullet3OpenCL\NarrowphaseCollision\b3SupportMappings.h">
      <Filter>src\Bullet3OpenCL\NarrowphaseCollision</Filter>
    </ClInclude>
    <ClInclude Include="..\..\src\Bullet3OpenCL\NarrowphaseCollision\b3TriangleCallback.h">
      <Filter>src\Bullet3OpenCL\NarrowphaseCollision</Filter>
    </ClInclude>
    <ClInclude Include="..\..\src\Bullet3OpenCL\NarrowphaseCollision\b3TriangleIndexVertexArray.h">
      <Filter>src\Bullet3OpenCL\NarrowphaseCollision</Filter>
    </ClInclude>
    <ClInclude Include="..\..\src\Bullet3OpenCL\NarrowphaseCollision\b3VectorFloat4.h">
      <Filter>src\Bullet3OpenCL\NarrowphaseCollision</Filter>
    </ClInclude>
    <ClInclude Include="..\..\src\Bullet3OpenCL\NarrowphaseCollision\b3VoronoiSimplexSolver.h">
      <Filter>src\Bullet3OpenCL\NarrowphaseCollision</Filter>
    </ClInclude>
    <ClInclude Include="..\..\src\Bullet3OpenCL\NarrowphaseCollision\kernels\bvhTraversal.h">
      <Filter>src\Bullet3OpenCL\NarrowphaseCollision\kernels</Filter>
    </ClInclude>
    <ClInclude Include="..\..\src\Bullet3OpenCL\NarrowphaseCollision\kernels\mprKernels.h">
      <Filter>src\Bullet3OpenCL\NarrowphaseCollision\kernels</Filter>
    </ClInclude>
    <ClInclude Include="..\..\src\Bullet3OpenCL\NarrowphaseCollision\kernels\primitiveContacts.h">
      <Filter>src\Bullet3OpenCL\NarrowphaseCollision\kernels</Filter>
    </ClInclude>
    <ClInclude Include="..\..\src\Bullet3OpenCL\NarrowphaseCollision\kernels\satClipHullContacts.h">
      <Filter>src\Bullet3OpenCL\NarrowphaseCollision\kernels</Filter>
    </ClInclude>
    <ClInclude Include="..\..\src\Bullet3OpenCL\NarrowphaseCollision\kernels\satConcaveKernels.h">
      <Filter>src\Bullet3OpenCL\NarrowphaseCollision\kernels</Filter>
    </ClInclude>
    <ClInclude Include="..\..\src\Bullet3OpenCL\NarrowphaseCollision\kernels\satKernels.h">
      <Filter>src\Bullet3OpenCL\NarrowphaseCollision\kernels</Filter>
    </ClInclude>
    <ClInclude Include="..\..\src\Bullet3OpenCL\ParallelPrimitives\b3BoundSearchCL.h">
      <Filter>src\Bullet3OpenCL\ParallelPrimitives</Filter>
    </ClInclude>
    <ClInclude Include="..\..\src\Bullet3OpenCL\ParallelPrimitives\b3BufferInfoCL.h">
      <Filter>src\Bullet3OpenCL\ParallelPrimitives</Filter>
    </ClInclude>
    <ClInclude Include="..\..\src\Bullet3OpenCL\ParallelPrimitives\b3FillCL.h">
      <Filter>src\Bullet3OpenCL\ParallelPrimitives</Filter>
    </ClInclude>
    <ClInclude Include="..\..\src\Bullet3OpenCL\ParallelPrimitives\b3LauncherCL.h">
      <Filter>src\Bullet3OpenCL\ParallelPrimitives</Filter>
    </ClInclude>
    <ClInclude Include="..\..\src\Bullet3OpenCL\ParallelPrimitives\b3OpenCLArray.h">
      <Filter>src\Bullet3OpenCL\ParallelPrimitives</Filter>
    </ClInclude>
    <ClInclude Include="..\..\src\Bullet3OpenCL\ParallelPrimitives\b3PrefixScanCL.h">
      <Filter>src\Bullet3OpenCL\ParallelPrimitives</Filter>
    </ClInclude>
    <ClInclude Include="..\..\src\Bullet3OpenCL\ParallelPrimitives\b3PrefixScanFloat4CL.h">
      <Filter>src\Bullet3OpenCL\ParallelPrimitives</Filter>
    </ClInclude>
    <ClInclude Include="..\..\src\Bullet3OpenCL\ParallelPrimitives\b3RadixSort32CL.h">
      <Filter>src\Bullet3OpenCL\ParallelPrimitives</Filter>
    </ClInclude>
    <ClInclude Include="..\..\src\Bullet3OpenCL\ParallelPrimitives\kernels\BoundSearchKernelsCL.h">
      <Filter>src\Bullet3OpenCL\ParallelPrimitives\kernels</Filter>
    </ClInclude>
    <ClInclude Include="..\..\src\Bullet3OpenCL\ParallelPrimitives\kernels\CopyKernelsCL.h">
      <Filter>src\Bullet3OpenCL\ParallelPrimitives\kernels</Filter>
    </ClInclude>
    <ClInclude Include="..\..\src\Bullet3OpenCL\ParallelPrimitives\kernels\FillKernelsCL.h">
      <Filter>src\Bullet3OpenCL\ParallelPrimitives\kernels</Filter>
    </ClInclude>
    <ClInclude Include="..\..\src\Bullet3OpenCL\ParallelPrimitives\kernels\PrefixScanKernelsCL.h">
      <Filter>src\Bullet3OpenCL\ParallelPrimitives\kernels</Filter>
    </ClInclude>
    <ClInclude Include="..\..\src\Bullet3OpenCL\ParallelPrimitives\kernels\PrefixScanKernelsFloat4CL.h">
      <Filter>src\Bullet3OpenCL\ParallelPrimitives\kernels</Filter>
    </ClInclude>
    <ClInclude Include="..\..\src\Bullet3OpenCL\ParallelPrimitives\kernels\RadixSort32KernelsCL.h">
      <Filter>src\Bullet3OpenCL\ParallelPrimitives\kernels</Filter>
    </ClInclude>
    <ClInclude Include="..\..\src\Bullet3OpenCL\Raycast\b3GpuRaycast.h">
      <Filter>src\Bullet3OpenCL\Raycast</Filter>
    </ClInclude>
    <ClInclude Include="..\..\src\Bullet3OpenCL\Raycast\kernels\rayCastKernels.h">
      <Filter>src\Bullet3OpenCL\Raycast\kernels</Filter>
    </ClInclude>
    <ClInclude Include="..\..\src\Bullet3OpenCL\RigidBody\b3GpuConstraint4.h">
      <Filter>src\Bullet3OpenCL\RigidBody</Filter>
    </ClInclude>
    <ClInclude Include="..\..\src\Bullet3OpenCL\RigidBody\b3GpuGenericConstraint.h">
      <Filter>src\Bullet3OpenCL\RigidBody</Filter>
    </ClInclude>
    <ClInclude Include="..\..\src\Bullet3OpenCL\RigidBody\b3GpuJacobiContactSolver.h">
      <Filter>src\Bullet3OpenCL\RigidBody</Filter>
    </ClInclude>
    <ClInclude Include="..\..\src\Bullet3OpenCL\RigidBody\b3GpuNarrowPhase.h">
      <Filter>src\Bullet3OpenCL\RigidBody</Filter>
    </ClInclude>
    <ClInclude Include="..\..\src\Bullet3OpenCL\RigidBody\b3GpuNarrowPhaseInternalData.h">
      <Filter>src\Bullet3OpenCL\RigidBody</Filter>
    </ClInclude>
    <ClInclude Include="..\..\src\Bullet3OpenCL\RigidBody\b3GpuPgsConstraintSolver.h">
      <Filter>src\Bullet3OpenCL\RigidBody</Filter>
    </ClInclude>
    <ClInclude Include="..\..\src\Bullet3OpenCL\RigidBody\b3GpuPgsContactSolver.h">
      <Filter>src\Bullet3OpenCL\RigidBody</Filter>
    </ClInclude>
    <ClInclude Include="..\..\src\Bullet3OpenCL\RigidBody\b3GpuRigidBodyPipeline.h">
      <Filter>src\Bullet3OpenCL\RigidBody</Filter>
    </ClInclude>
    <ClInclude Include="..\..\src\Bullet3OpenCL\RigidBody\b3GpuRigidBodyPipelineInternalData.h">
      <Filter>src\Bullet3OpenCL\RigidBody</Filter>
    </ClInclude>
    <ClInclude Include="..\..\src\Bullet3OpenCL\RigidBody\b3GpuSolverBody.h">
      <Filter>src\Bullet3OpenCL\RigidBody</Filter>
    </ClInclude>
    <ClInclude Include="..\..\src\Bullet3OpenCL\RigidBody\b3GpuSolverConstraint.h">
      <Filter>src\Bullet3OpenCL\RigidBody</Filter>
    </ClInclude>
    <ClInclude Include="..\..\src\Bullet3OpenCL\RigidBody\b3Solver.h">
      <Filter>src\Bullet3OpenCL\RigidBody</Filter>
    </ClInclude>
    <ClInclude Include="..\..\src\Bullet3OpenCL\RigidBody\kernels\batchingKernels.h">
      <Filter>src\Bullet3OpenCL\RigidBody\kernels</Filter>
    </ClInclude>
    <ClInclude Include="..\..\src\Bullet3OpenCL\RigidBody\kernels\batchingKernelsNew.h">
      <Filter>src\Bullet3OpenCL\RigidBody\kernels</Filter>
    </ClInclude>
    <ClInclude Include="..\..\src\Bullet3OpenCL\RigidBody\kernels\integrateKernel.h">
      <Filter>src\Bullet3OpenCL\RigidBody\kernels</Filter>
    </ClInclude>
    <ClInclude Include="..\..\src\Bullet3OpenCL\RigidBody\kernels\jointSolver.h">
      <Filter>src\Bullet3OpenCL\RigidBody\kernels</Filter>
    </ClInclude>
    <ClInclude Include="..\..\src\Bullet3OpenCL\RigidBody\kernels\solveContact.h">
      <Filter>src\Bullet3OpenCL\RigidBody\kernels</Filter>
    </ClInclude>
    <ClInclude Include="..\..\src\Bullet3OpenCL\RigidBody\kernels\solveFriction.h">
      <Filter>src\Bullet3OpenCL\RigidBody\kernels</Filter>
    </ClInclude>
    <ClInclude Include="..\..\src\Bullet3OpenCL\RigidBody\kernels\solverSetup.h">
      <Filter>src\Bullet3OpenCL\RigidBody\kernels</Filter>
    </ClInclude>
    <ClInclude Include="..\..\src\Bullet3OpenCL\RigidBody\kernels\solverSetup2.h">
      <Filter>src\Bullet3OpenCL\RigidBody\kernels</Filter>
    </ClInclude>
    <ClInclude Include="..\..\src\Bullet3OpenCL\RigidBody\kernels\solverUtils.h">
      <Filter>src\Bullet3OpenCL\RigidBody\kernels</Filter>
    </ClInclude>
    <ClInclude Include="..\..\src\Bullet3OpenCL\RigidBody\kernels\updateAabbsKernel.h">
      <Filter>src\Bullet3OpenCL\RigidBody\kernels</Filter>
    </ClInclude>
  </ItemGroup>
  <ItemGroup>
    <ClCompile Include="..\..\src\clew\clew.c">
      <Filter>src\clew</Filter>
    </ClCompile>
    <ClCompile Include="..\..\src\Bullet3OpenCL\BroadphaseCollision\b3GpuGridBroadphase.cpp">
      <Filter>src\Bullet3OpenCL\BroadphaseCollision</Filter>
    </ClCompile>
    <ClCompile Include="..\..\src\Bullet3OpenCL\BroadphaseCollision\b3GpuParallelLinearBvh.cpp">
      <Filter>src\Bullet3OpenCL\BroadphaseCollision</Filter>
    </ClCompile>
    <ClCompile Include="..\..\src\Bullet3OpenCL\BroadphaseCollision\b3GpuParallelLinearBvhBroadphase.cpp">
      <Filter>src\Bullet3OpenCL\BroadphaseCollision</Filter>
    </ClCompile>
    <ClCompile Include="..\..\src\Bullet3OpenCL\BroadphaseCollision\b3GpuSapBroadphase.cpp">
      <Filter>src\Bullet3OpenCL\BroadphaseCollision</Filter>
    </ClCompile>
    <ClCompile Include="..\..\src\Bullet3OpenCL\Initialize\b3OpenCLUtils.cpp">
      <Filter>src\Bullet3OpenCL\Initialize</Filter>
    </ClCompile>
    <ClCompile Include="..\..\src\Bullet3OpenCL\NarrowphaseCollision\b3ContactCache.cpp">
      <Filter>src\Bullet3OpenCL\NarrowphaseCollision</Filter>
    </ClCompile>
    <ClCompile Include="..\..\src\Bullet3OpenCL\NarrowphaseCollision\b3ConvexHullContact.cpp">
      <Filter>src\Bullet3OpenCL\NarrowphaseCollision</Filter>
    </ClCompile>
    <ClCompile Include="..\..\src\Bullet3OpenCL\NarrowphaseCollision\b3GjkEpa.cpp">
      <Filter>src\Bullet3OpenCL\NarrowphaseCollision</Filter>
    </ClCompile>
    <ClCompile Include="..\..\src\Bullet3OpenCL\NarrowphaseCollision\b3OptimizedBvh.cpp">
      <Filter>src\Bullet3OpenCL\NarrowphaseCollision</Filter>
    </ClCompile>
    <ClCompile Include="..\..\src\Bullet3OpenCL\NarrowphaseCollision\b3QuantizedBvh.cpp">
      <Filter>src\Bullet3OpenCL\NarrowphaseCollision</Filter>
    </ClCompile>
    <ClCompile Include="..\..\src\Bullet3OpenCL\NarrowphaseCollision\b3StridingMeshInterface.cpp">
      <Filter>src\Bullet3OpenCL\NarrowphaseCollision</Filter>
    </ClCompile>
    <ClCompile Include="..\..\src\Bullet3OpenCL\NarrowphaseCollision\b3TriangleCallback.cpp">
      <Filter>src\Bullet3OpenCL\NarrowphaseCollision</Filter>
    </ClCompile>
    <ClCompile Include="..\..\src\Bullet3OpenCL\NarrowphaseCollision\b3TriangleIndexVertexArray.cpp">
      <Filter>src\Bullet3OpenCL\NarrowphaseCollision</Filter>
    </ClCompile>
    <ClCompile Include="..\..\src\Bullet3OpenCL\NarrowphaseCollision\b3VoronoiSimplexSolver.cpp">
      <Filter>src\Bullet3OpenCL\NarrowphaseCollision</Filter>
    </ClCompile>
    <ClCompile Include="..\..\src\Bullet3OpenCL\ParallelPrimitives\b3BoundSearchCL.cpp">
      <Filter>src\Bullet3OpenCL\ParallelPrimitives</Filter>
    </ClCompile>
    <ClCompile Include="..\..\src\Bullet3OpenCL\ParallelPrimitives\b3FillCL.cpp">
      <Filter>src\Bullet3OpenCL\ParallelPrimitives</Filter>
    </ClCompile>
    <ClCompile Include="..\..\src\Bullet3OpenCL\ParallelPrimitives\b3LauncherCL.cpp">
      <Filter>src\Bullet3OpenCL\ParallelPrimitives</Filter>
    </ClCompile>
    <ClCompile Include="..\..\src\Bullet3OpenCL\ParallelPrimitives\b3PrefixScanCL.cpp">
      <Filter>src\Bullet3OpenCL\ParallelPrimitives</Filter>
    </ClCompile>
    <ClCompile Include="..\..\src\Bullet3OpenCL\ParallelPrimitives\b3PrefixScanFloat4CL.cpp">
      <Filter>src\Bullet3OpenCL\ParallelPrimitives</Filter>
    </ClCompile>
    <ClCompile Include="..\..\src\Bullet3OpenCL\ParallelPrimitives\b3RadixSort32CL.cpp">
      <Filter>src\Bullet3OpenCL\ParallelPrimitives</Filter>
    </ClCompile>
    <ClCompile Include="..\..\src\Bullet3OpenCL\Raycast\b3GpuRaycast.cpp">
      <Filter>src\Bullet3OpenCL\Raycast</Filter>
    </ClCompile>
    <ClCompile Include="..\..\src\Bullet3OpenCL\RigidBody\b3GpuGenericConstraint.cpp">
      <Filter>src\Bullet3OpenCL\RigidBody</Filter>
    </ClCompile>
    <ClCompile Include="..\..\src\Bullet3OpenCL\RigidBody\b3GpuJacobiContactSolver.cpp">
      <Filter>src\Bullet3OpenCL\RigidBody</Filter>
    </ClCompile>
    <ClCompile Include="..\..\src\Bullet3OpenCL\RigidBody\b3GpuNarrowPhase.cpp">
      <Filter>src\Bullet3OpenCL\RigidBody</Filter>
    </ClCompile>
    <ClCompile Include="..\..\src\Bullet3OpenCL\RigidBody\b3GpuPgsConstraintSolver.cpp">
      <Filter>src\Bullet3OpenCL\RigidBody</Filter>
    </ClCompile>
    <ClCompile Include="..\..\src\Bullet3OpenCL\RigidBody\b3GpuPgsContactSolver.cpp">
      <Filter>src\Bullet3OpenCL\RigidBody</Filter>
    </ClCompile>
    <ClCompile Include="..\..\src\Bullet3OpenCL\RigidBody\b3GpuRigidBodyPipeline.cpp">
      <Filter>src\Bullet3OpenCL\RigidBody</Filter>
    </ClCompile>
    <ClCompile Include="..\..\src\Bullet3OpenCL\RigidBody\b3Solver.cpp">
      <Filter>src\Bullet3OpenCL\RigidBody</Filter>
    </ClCompile>
  </ItemGroup>
</Project>
