<?xml version="1.0" encoding="utf-8"?>
<Project ToolsVersion="4.0" xmlns="http://schemas.microsoft.com/developer/msbuild/2003">
  <ItemGroup>
    <Filter Include="src">
      <UniqueIdentifier>{363C3A61-8AAA-1E42-8F84-C6E341482876}</UniqueIdentifier>
    </Filter>
    <Filter Include="src\Bullet3Dynamics">
      <UniqueIdentifier>{AD6F1AD6-0BEF-9341-933A-2FD1C75AD83C}</UniqueIdentifier>
    </Filter>
    <Filter Include="src\Bullet3Dynamics\ConstraintSolver">
      <UniqueIdentifier>{B16AB755-F37B-CC48-8596-A80957772AC5}</UniqueIdentifier>
    </Filter>
    <Filter Include="src\Bullet3Dynamics\shared">
      <UniqueIdentifier>{CEB4D496-4E57-1046-A0D6-CD915B6A64A8}</UniqueIdentifier>
    </Filter>
  </ItemGroup>
  <ItemGroup>
    <ClInclude Include="..\..\src\Bullet3Dynamics\b3CpuRigidBodyPipeline.h">
      <Filter>src\Bullet3Dynamics</Filter>
    </ClInclude>
    <ClInclude Include="..\..\src\Bullet3Dynamics\ConstraintSolver\b3ContactSolverInfo.h">
      <Filter>src\Bullet3Dynamics\ConstraintSolver</Filter>
    </ClInclude>
    <ClInclude Include="..\..\src\Bullet3Dynamics\ConstraintSolver\b3FixedConstraint.h">
      <Filter>src\Bullet3Dynamics\ConstraintSolver</Filter>
    </ClInclude>
    <ClInclude Include="..\..\src\Bullet3Dynamics\ConstraintSolver\b3Generic6DofConstraint.h">
      <Filter>src\Bullet3Dynamics\ConstraintSolver</Filter>
    </ClInclude>
    <ClInclude Include="..\..\src\Bullet3Dynamics\ConstraintSolver\b3JacobianEntry.h">
      <Filter>src\Bullet3Dynamics\ConstraintSolver</Filter>
    </ClInclude>
    <ClInclude Include="..\..\src\Bullet3Dynamics\ConstraintSolver\b3PgsJacobiSolver.h">
      <Filter>src\Bullet3Dynamics\ConstraintSolver</Filter>
    </ClInclude>
    <ClInclude Include="..\..\src\Bullet3Dynamics\ConstraintSolver\b3Point2PointConstraint.h">
      <Filter>src\Bullet3Dynamics\ConstraintSolver</Filter>
    </ClInclude>
    <ClInclude Include="..\..\src\Bullet3Dynamics\ConstraintSolver\b3SolverBody.h">
      <Filter>src\Bullet3Dynamics\ConstraintSolver</Filter>
    </ClInclude>
    <ClInclude Include="..\..\src\Bullet3Dynamics\ConstraintSolver\b3SolverConstraint.h">
      <Filter>src\Bullet3Dynamics\ConstraintSolver</Filter>
    </ClInclude>
    <ClInclude Include="..\..\src\Bullet3Dynamics\ConstraintSolver\b3TypedConstraint.h">
      <Filter>src\Bullet3Dynamics\ConstraintSolver</Filter>
    </ClInclude>
    <ClInclude Include="..\..\src\Bullet3Dynamics\shared\b3ContactConstraint4.h">
      <Filter>src\Bullet3Dynamics\shared</Filter>
    </ClInclude>
    <ClInclude Include="..\..\src\Bullet3Dynamics\shared\b3ConvertConstraint4.h">
      <Filter>src\Bullet3Dynamics\shared</Filter>
    </ClInclude>
    <ClInclude Include="..\..\src\Bullet3Dynamics\shared\b3Inertia.h">
      <Filter>src\Bullet3Dynamics\shared</Filter>
    </ClInclude>
    <ClInclude Include="..\..\src\Bullet3Dynamics\shared\b3IntegrateTransforms.h">
      <Filter>src\Bullet3Dynamics\shared</Filter>
    </ClInclude>
  </ItemGroup>
  <ItemGroup>
    <ClCompile Include="..\..\src\Bullet3Dynamics\b3CpuRigidBodyPipeline.cpp">
      <Filter>src\Bullet3Dynamics</Filter>
    </ClCompile>
    <ClCompile Include="..\..\src\Bullet3Dynamics\ConstraintSolver\b3FixedConstraint.cpp">
      <Filter>src\Bullet3Dynamics\ConstraintSolver</Filter>
    </ClCompile>
    <ClCompile Include="..\..\src\Bullet3Dynamics\ConstraintSolver\b3Generic6DofConstraint.cpp">
      <Filter>src\Bullet3Dynamics\ConstraintSolver</Filter>
    </ClCompile>
    <ClCompile Include="..\..\src\Bullet3Dynamics\ConstraintSolver\b3PgsJacobiSolver.cpp">
      <Filter>src\Bullet3Dynamics\ConstraintSolver</Filter>
    </ClCompile>
    <ClCompile Include="..\..\src\Bullet3Dynamics\ConstraintSolver\b3Point2PointConstraint.cpp">
      <Filter>src\Bullet3Dynamics\ConstraintSolver</Filter>
    </ClCompile>
    <ClCompile Include="..\..\src\Bullet3Dynamics\ConstraintSolver\b3TypedConstraint.cpp">
      <Filter>src\Bullet3Dynamics\ConstraintSolver</Filter>
    </ClCompile>
  </ItemGroup>
</Project>
