<?xml version="1.0" encoding="utf-8"?>
<Project ToolsVersion="4.0" xmlns="http://schemas.microsoft.com/developer/msbuild/2003">
  <ItemGroup>
    <Filter Include="examples">
      <UniqueIdentifier>{9F7438EB-7261-1F4B-905B-EA62047F24B4}</UniqueIdentifier>
    </Filter>
    <Filter Include="examples\ThirdPartyLibs">
      <UniqueIdentifier>{A3493570-BC62-1E45-8176-1715E4D6095F}</UniqueIdentifier>
    </Filter>
    <Filter Include="examples\ThirdPartyLibs\glad">
      <UniqueIdentifier>{27F9DABB-F5E5-124C-9BAA-5666D3960F67}</UniqueIdentifier>
    </Filter>
    <Filter Include="examples\ThirdPartyLibs\Gwen">
      <UniqueIdentifier>{366BB134-C38A-4C42-AB01-6FA016F21E20}</UniqueIdentifier>
    </Filter>
    <Filter Include="examples\ThirdPartyLibs\Gwen\Controls">
      <UniqueIdentifier>{409AF317-2C68-944E-8362-808A47846916}</UniqueIdentifier>
    </Filter>
    <Filter Include="examples\ThirdPartyLibs\Gwen\Controls\Dialog">
      <UniqueIdentifier>{B0FFD20D-A1FD-CF4E-8559-5C6D1EEAC23A}</UniqueIdentifier>
    </Filter>
    <Filter Include="examples\ThirdPartyLibs\Gwen\Controls\Dialogs">
      <UniqueIdentifier>{C0294FA5-2A96-D24B-A286-656282BB404F}</UniqueIdentifier>
    </Filter>
    <Filter Include="examples\ThirdPartyLibs\Gwen\Controls\Layout">
      <UniqueIdentifier>{CBE3D7C4-E074-3048-9DBD-22F6CFA1D6B3}</UniqueIdentifier>
    </Filter>
    <Filter Include="examples\ThirdPartyLibs\Gwen\Controls\Property">
      <UniqueIdentifier>{9E72B730-9F20-154B-953D-03AB53735C9B}</UniqueIdentifier>
    </Filter>
    <Filter Include="examples\ThirdPartyLibs\Gwen\Input">
      <UniqueIdentifier>{A2F22FD6-5B0F-7342-87DA-C179814FCEC0}</UniqueIdentifier>
    </Filter>
    <Filter Include="examples\ThirdPartyLibs\Gwen\Platforms">
      <UniqueIdentifier>{94A1B707-C214-DB42-AF98-EEA72DA5B504}</UniqueIdentifier>
    </Filter>
    <Filter Include="examples\ThirdPartyLibs\Gwen\Renderers">
      <UniqueIdentifier>{6C9AA079-0EC0-944A-B5B5-940EAECDBEA8}</UniqueIdentifier>
    </Filter>
    <Filter Include="examples\ThirdPartyLibs\Gwen\Skins">
      <UniqueIdentifier>{3950F189-92C6-574F-B1B6-1A311C844D61}</UniqueIdentifier>
    </Filter>
  </ItemGroup>
  <ItemGroup>
    <ClInclude Include="..\..\examples\ThirdPartyLibs\Gwen\Align.h">
      <Filter>examples\ThirdPartyLibs\Gwen</Filter>
    </ClInclude>
    <ClInclude Include="..\..\examples\ThirdPartyLibs\Gwen\Anim.h">
      <Filter>examples\ThirdPartyLibs\Gwen</Filter>
    </ClInclude>
    <ClInclude Include="..\..\examples\ThirdPartyLibs\Gwen\BaseRender.h">
      <Filter>examples\ThirdPartyLibs\Gwen</Filter>
    </ClInclude>
    <ClInclude Include="..\..\examples\ThirdPartyLibs\Gwen\Config.h">
      <Filter>examples\ThirdPartyLibs\Gwen</Filter>
    </ClInclude>
    <ClInclude Include="..\..\examples\ThirdPartyLibs\Gwen\Controls.h">
      <Filter>examples\ThirdPartyLibs\Gwen</Filter>
    </ClInclude>
    <ClInclude Include="..\..\examples\ThirdPartyLibs\Gwen\DragAndDrop.h">
      <Filter>examples\ThirdPartyLibs\Gwen</Filter>
    </ClInclude>
    <ClInclude Include="..\..\examples\ThirdPartyLibs\Gwen\Events.h">
      <Filter>examples\ThirdPartyLibs\Gwen</Filter>
    </ClInclude>
    <ClInclude Include="..\..\examples\ThirdPartyLibs\Gwen\Exports.h">
      <Filter>examples\ThirdPartyLibs\Gwen</Filter>
    </ClInclude>
    <ClInclude Include="..\..\examples\ThirdPartyLibs\Gwen\Font.h">
      <Filter>examples\ThirdPartyLibs\Gwen</Filter>
    </ClInclude>
    <ClInclude Include="..\..\examples\ThirdPartyLibs\Gwen\Gwen.h">
      <Filter>examples\ThirdPartyLibs\Gwen</Filter>
    </ClInclude>
    <ClInclude Include="..\..\examples\ThirdPartyLibs\Gwen\Hook.h">
      <Filter>examples\ThirdPartyLibs\Gwen</Filter>
    </ClInclude>
    <ClInclude Include="..\..\examples\ThirdPartyLibs\Gwen\InputHandler.h">
      <Filter>examples\ThirdPartyLibs\Gwen</Filter>
    </ClInclude>
    <ClInclude Include="..\..\examples\ThirdPartyLibs\Gwen\Macros.h">
      <Filter>examples\ThirdPartyLibs\Gwen</Filter>
    </ClInclude>
    <ClInclude Include="..\..\examples\ThirdPartyLibs\Gwen\Platform.h">
      <Filter>examples\ThirdPartyLibs\Gwen</Filter>
    </ClInclude>
    <ClInclude Include="..\..\examples\ThirdPartyLibs\Gwen\Skin.h">
      <Filter>examples\ThirdPartyLibs\Gwen</Filter>
    </ClInclude>
    <ClInclude Include="..\..\examples\ThirdPartyLibs\Gwen\Structures.h">
      <Filter>examples\ThirdPartyLibs\Gwen</Filter>
    </ClInclude>
    <ClInclude Include="..\..\examples\ThirdPartyLibs\Gwen\TextObject.h">
      <Filter>examples\ThirdPartyLibs\Gwen</Filter>
    </ClInclude>
    <ClInclude Include="..\..\examples\ThirdPartyLibs\Gwen\Texture.h">
      <Filter>examples\ThirdPartyLibs\Gwen</Filter>
    </ClInclude>
    <ClInclude Include="..\..\examples\ThirdPartyLibs\Gwen\ToolTip.h">
      <Filter>examples\ThirdPartyLibs\Gwen</Filter>
    </ClInclude>
    <ClInclude Include="..\..\examples\ThirdPartyLibs\Gwen\Utility.h">
      <Filter>examples\ThirdPartyLibs\Gwen</Filter>
    </ClInclude>
    <ClInclude Include="..\..\examples\ThirdPartyLibs\Gwen\Controls\Base.h">
      <Filter>examples\ThirdPartyLibs\Gwen\Controls</Filter>
    </ClInclude>
    <ClInclude Include="..\..\examples\ThirdPartyLibs\Gwen\Controls\Button.h">
      <Filter>examples\ThirdPartyLibs\Gwen\Controls</Filter>
    </ClInclude>
    <ClInclude Include="..\..\examples\ThirdPartyLibs\Gwen\Controls\Canvas.h">
      <Filter>examples\ThirdPartyLibs\Gwen\Controls</Filter>
    </ClInclude>
    <ClInclude Include="..\..\examples\ThirdPartyLibs\Gwen\Controls\CheckBox.h">
      <Filter>examples\ThirdPartyLibs\Gwen\Controls</Filter>
    </ClInclude>
    <ClInclude Include="..\..\examples\ThirdPartyLibs\Gwen\Controls\ColorControls.h">
      <Filter>examples\ThirdPartyLibs\Gwen\Controls</Filter>
    </ClInclude>
    <ClInclude Include="..\..\examples\ThirdPartyLibs\Gwen\Controls\ColorPicker.h">
      <Filter>examples\ThirdPartyLibs\Gwen\Controls</Filter>
    </ClInclude>
    <ClInclude Include="..\..\examples\ThirdPartyLibs\Gwen\Controls\ComboBox.h">
      <Filter>examples\ThirdPartyLibs\Gwen\Controls</Filter>
    </ClInclude>
    <ClInclude Include="..\..\examples\ThirdPartyLibs\Gwen\Controls\CrossSplitter.h">
      <Filter>examples\ThirdPartyLibs\Gwen\Controls</Filter>
    </ClInclude>
    <ClInclude Include="..\..\examples\ThirdPartyLibs\Gwen\Controls\DockBase.h">
      <Filter>examples\ThirdPartyLibs\Gwen\Controls</Filter>
    </ClInclude>
    <ClInclude Include="..\..\examples\ThirdPartyLibs\Gwen\Controls\DockedTabControl.h">
      <Filter>examples\ThirdPartyLibs\Gwen\Controls</Filter>
    </ClInclude>
    <ClInclude Include="..\..\examples\ThirdPartyLibs\Gwen\Controls\Dragger.h">
      <Filter>examples\ThirdPartyLibs\Gwen\Controls</Filter>
    </ClInclude>
    <ClInclude Include="..\..\examples\ThirdPartyLibs\Gwen\Controls\GroupBox.h">
      <Filter>examples\ThirdPartyLibs\Gwen\Controls</Filter>
    </ClInclude>
    <ClInclude Include="..\..\examples\ThirdPartyLibs\Gwen\Controls\Highlight.h">
      <Filter>examples\ThirdPartyLibs\Gwen\Controls</Filter>
    </ClInclude>
    <ClInclude Include="..\..\examples\ThirdPartyLibs\Gwen\Controls\HorizontalScrollBar.h">
      <Filter>examples\ThirdPartyLibs\Gwen\Controls</Filter>
    </ClInclude>
    <ClInclude Include="..\..\examples\ThirdPartyLibs\Gwen\Controls\HorizontalSlider.h">
      <Filter>examples\ThirdPartyLibs\Gwen\Controls</Filter>
    </ClInclude>
    <ClInclude Include="..\..\examples\ThirdPartyLibs\Gwen\Controls\HSVColorPicker.h">
      <Filter>examples\ThirdPartyLibs\Gwen\Controls</Filter>
    </ClInclude>
    <ClInclude Include="..\..\examples\ThirdPartyLibs\Gwen\Controls\ImagePanel.h">
      <Filter>examples\ThirdPartyLibs\Gwen\Controls</Filter>
    </ClInclude>
    <ClInclude Include="..\..\examples\ThirdPartyLibs\Gwen\Controls\Label.h">
      <Filter>examples\ThirdPartyLibs\Gwen\Controls</Filter>
    </ClInclude>
    <ClInclude Include="..\..\examples\ThirdPartyLibs\Gwen\Controls\LabelClickable.h">
      <Filter>examples\ThirdPartyLibs\Gwen\Controls</Filter>
    </ClInclude>
    <ClInclude Include="..\..\examples\ThirdPartyLibs\Gwen\Controls\ListBox.h">
      <Filter>examples\ThirdPartyLibs\Gwen\Controls</Filter>
    </ClInclude>
    <ClInclude Include="..\..\examples\ThirdPartyLibs\Gwen\Controls\Menu.h">
      <Filter>examples\ThirdPartyLibs\Gwen\Controls</Filter>
    </ClInclude>
    <ClInclude Include="..\..\examples\ThirdPartyLibs\Gwen\Controls\MenuItem.h">
      <Filter>examples\ThirdPartyLibs\Gwen\Controls</Filter>
    </ClInclude>
    <ClInclude Include="..\..\examples\ThirdPartyLibs\Gwen\Controls\MenuStrip.h">
      <Filter>examples\ThirdPartyLibs\Gwen\Controls</Filter>
    </ClInclude>
    <ClInclude Include="..\..\examples\ThirdPartyLibs\Gwen\Controls\Modal.h">
      <Filter>examples\ThirdPartyLibs\Gwen\Controls</Filter>
    </ClInclude>
    <ClInclude Include="..\..\examples\ThirdPartyLibs\Gwen\Controls\NumericUpDown.h">
      <Filter>examples\ThirdPartyLibs\Gwen\Controls</Filter>
    </ClInclude>
    <ClInclude Include="..\..\examples\ThirdPartyLibs\Gwen\Controls\PanelListPanel.h">
      <Filter>examples\ThirdPartyLibs\Gwen\Controls</Filter>
    </ClInclude>
    <ClInclude Include="..\..\examples\ThirdPartyLibs\Gwen\Controls\ProgressBar.h">
      <Filter>examples\ThirdPartyLibs\Gwen\Controls</Filter>
    </ClInclude>
    <ClInclude Include="..\..\examples\ThirdPartyLibs\Gwen\Controls\Properties.h">
      <Filter>examples\ThirdPartyLibs\Gwen\Controls</Filter>
    </ClInclude>
    <ClInclude Include="..\..\examples\ThirdPartyLibs\Gwen\Controls\PropertyTree.h">
      <Filter>examples\ThirdPartyLibs\Gwen\Controls</Filter>
    </ClInclude>
    <ClInclude Include="..\..\examples\ThirdPartyLibs\Gwen\Controls\RadioButton.h">
      <Filter>examples\ThirdPartyLibs\Gwen\Controls</Filter>
    </ClInclude>
    <ClInclude Include="..\..\examples\ThirdPartyLibs\Gwen\Controls\RadioButtonController.h">
      <Filter>examples\ThirdPartyLibs\Gwen\Controls</Filter>
    </ClInclude>
    <ClInclude Include="..\..\examples\ThirdPartyLibs\Gwen\Controls\ResizableControl.h">
      <Filter>examples\ThirdPartyLibs\Gwen\Controls</Filter>
    </ClInclude>
    <ClInclude Include="..\..\examples\ThirdPartyLibs\Gwen\Controls\Resizer.h">
      <Filter>examples\ThirdPartyLibs\Gwen\Controls</Filter>
    </ClInclude>
    <ClInclude Include="..\..\examples\ThirdPartyLibs\Gwen\Controls\RichLabel.h">
      <Filter>examples\ThirdPartyLibs\Gwen\Controls</Filter>
    </ClInclude>
    <ClInclude Include="..\..\examples\ThirdPartyLibs\Gwen\Controls\ScrollBar.h">
      <Filter>examples\ThirdPartyLibs\Gwen\Controls</Filter>
    </ClInclude>
    <ClInclude Include="..\..\examples\ThirdPartyLibs\Gwen\Controls\ScrollBarBar.h">
      <Filter>examples\ThirdPartyLibs\Gwen\Controls</Filter>
    </ClInclude>
    <ClInclude Include="..\..\examples\ThirdPartyLibs\Gwen\Controls\ScrollBarButton.h">
      <Filter>examples\ThirdPartyLibs\Gwen\Controls</Filter>
    </ClInclude>
    <ClInclude Include="..\..\examples\ThirdPartyLibs\Gwen\Controls\ScrollControl.h">
      <Filter>examples\ThirdPartyLibs\Gwen\Controls</Filter>
    </ClInclude>
    <ClInclude Include="..\..\examples\ThirdPartyLibs\Gwen\Controls\Slider.h">
      <Filter>examples\ThirdPartyLibs\Gwen\Controls</Filter>
    </ClInclude>
    <ClInclude Include="..\..\examples\ThirdPartyLibs\Gwen\Controls\SplitterBar.h">
      <Filter>examples\ThirdPartyLibs\Gwen\Controls</Filter>
    </ClInclude>
    <ClInclude Include="..\..\examples\ThirdPartyLibs\Gwen\Controls\StatusBar.h">
      <Filter>examples\ThirdPartyLibs\Gwen\Controls</Filter>
    </ClInclude>
    <ClInclude Include="..\..\examples\ThirdPartyLibs\Gwen\Controls\Symbol.h">
      <Filter>examples\ThirdPartyLibs\Gwen\Controls</Filter>
    </ClInclude>
    <ClInclude Include="..\..\examples\ThirdPartyLibs\Gwen\Controls\TabButton.h">
      <Filter>examples\ThirdPartyLibs\Gwen\Controls</Filter>
    </ClInclude>
    <ClInclude Include="..\..\examples\ThirdPartyLibs\Gwen\Controls\TabControl.h">
      <Filter>examples\ThirdPartyLibs\Gwen\Controls</Filter>
    </ClInclude>
    <ClInclude Include="..\..\examples\ThirdPartyLibs\Gwen\Controls\TabStrip.h">
      <Filter>examples\ThirdPartyLibs\Gwen\Controls</Filter>
    </ClInclude>
    <ClInclude Include="..\..\examples\ThirdPartyLibs\Gwen\Controls\TabTitleBar.h">
      <Filter>examples\ThirdPartyLibs\Gwen\Controls</Filter>
    </ClInclude>
    <ClInclude Include="..\..\examples\ThirdPartyLibs\Gwen\Controls\Text.h">
      <Filter>examples\ThirdPartyLibs\Gwen\Controls</Filter>
    </ClInclude>
    <ClInclude Include="..\..\examples\ThirdPartyLibs\Gwen\Controls\TextBox.h">
      <Filter>examples\ThirdPartyLibs\Gwen\Controls</Filter>
    </ClInclude>
    <ClInclude Include="..\..\examples\ThirdPartyLibs\Gwen\Controls\ToolBar.h">
      <Filter>examples\ThirdPartyLibs\Gwen\Controls</Filter>
    </ClInclude>
    <ClInclude Include="..\..\examples\ThirdPartyLibs\Gwen\Controls\TreeControl.h">
      <Filter>examples\ThirdPartyLibs\Gwen\Controls</Filter>
    </ClInclude>
    <ClInclude Include="..\..\examples\ThirdPartyLibs\Gwen\Controls\TreeNode.h">
      <Filter>examples\ThirdPartyLibs\Gwen\Controls</Filter>
    </ClInclude>
    <ClInclude Include="..\..\examples\ThirdPartyLibs\Gwen\Controls\VerticalScrollBar.h">
      <Filter>examples\ThirdPartyLibs\Gwen\Controls</Filter>
    </ClInclude>
    <ClInclude Include="..\..\examples\ThirdPartyLibs\Gwen\Controls\VerticalSlider.h">
      <Filter>examples\ThirdPartyLibs\Gwen\Controls</Filter>
    </ClInclude>
    <ClInclude Include="..\..\examples\ThirdPartyLibs\Gwen\Controls\WindowControl.h">
      <Filter>examples\ThirdPartyLibs\Gwen\Controls</Filter>
    </ClInclude>
    <ClInclude Include="..\..\examples\ThirdPartyLibs\Gwen\Controls\Dialogs\FileOpen.h">
      <Filter>examples\ThirdPartyLibs\Gwen\Controls\Dialogs</Filter>
    </ClInclude>
    <ClInclude Include="..\..\examples\ThirdPartyLibs\Gwen\Controls\Dialogs\FileSave.h">
      <Filter>examples\ThirdPartyLibs\Gwen\Controls\Dialogs</Filter>
    </ClInclude>
    <ClInclude Include="..\..\examples\ThirdPartyLibs\Gwen\Controls\Dialogs\Query.h">
      <Filter>examples\ThirdPartyLibs\Gwen\Controls\Dialogs</Filter>
    </ClInclude>
    <ClInclude Include="..\..\examples\ThirdPartyLibs\Gwen\Controls\Layout\Splitter.h">
      <Filter>examples\ThirdPartyLibs\Gwen\Controls\Layout</Filter>
    </ClInclude>
    <ClInclude Include="..\..\examples\ThirdPartyLibs\Gwen\Controls\Layout\Table.h">
      <Filter>examples\ThirdPartyLibs\Gwen\Controls\Layout</Filter>
    </ClInclude>
    <ClInclude Include="..\..\examples\ThirdPartyLibs\Gwen\Controls\Property\BaseProperty.h">
      <Filter>examples\ThirdPartyLibs\Gwen\Controls\Property</Filter>
    </ClInclude>
    <ClInclude Include="..\..\examples\ThirdPartyLibs\Gwen\Controls\Property\ColorSelector.h">
      <Filter>examples\ThirdPartyLibs\Gwen\Controls\Property</Filter>
    </ClInclude>
    <ClInclude Include="..\..\examples\ThirdPartyLibs\Gwen\Controls\Property\Text.h">
      <Filter>examples\ThirdPartyLibs\Gwen\Controls\Property</Filter>
    </ClInclude>
    <ClInclude Include="..\..\examples\ThirdPartyLibs\Gwen\Input\SDL13.h">
      <Filter>examples\ThirdPartyLibs\Gwen\Input</Filter>
    </ClInclude>
    <ClInclude Include="..\..\examples\ThirdPartyLibs\Gwen\Input\SFML.h">
      <Filter>examples\ThirdPartyLibs\Gwen\Input</Filter>
    </ClInclude>
    <ClInclude Include="..\..\examples\ThirdPartyLibs\Gwen\Input\Windows.h">
      <Filter>examples\ThirdPartyLibs\Gwen\Input</Filter>
    </ClInclude>
    <ClInclude Include="..\..\examples\ThirdPartyLibs\Gwen\Skins\Simple.h">
      <Filter>examples\ThirdPartyLibs\Gwen\Skins</Filter>
    </ClInclude>
    <ClInclude Include="..\..\examples\ThirdPartyLibs\Gwen\Skins\TexturedBase.h">
      <Filter>examples\ThirdPartyLibs\Gwen\Skins</Filter>
    </ClInclude>
    <ClInclude Include="..\..\examples\ThirdPartyLibs\Gwen\Skins\Texturing.h">
      <Filter>examples\ThirdPartyLibs\Gwen\Skins</Filter>
    </ClInclude>
  </ItemGroup>
  <ItemGroup>
    <ClCompile Include="..\..\examples\ThirdPartyLibs\glad\gl.c">
      <Filter>examples\ThirdPartyLibs\glad</Filter>
    </ClCompile>
    <ClCompile Include="..\..\examples\ThirdPartyLibs\Gwen\Anim.cpp">
      <Filter>examples\ThirdPartyLibs\Gwen</Filter>
    </ClCompile>
    <ClCompile Include="..\..\examples\ThirdPartyLibs\Gwen\BaseRender.cpp">
      <Filter>examples\ThirdPartyLibs\Gwen</Filter>
    </ClCompile>
    <ClCompile Include="..\..\examples\ThirdPartyLibs\Gwen\DragAndDrop.cpp">
      <Filter>examples\ThirdPartyLibs\Gwen</Filter>
    </ClCompile>
    <ClCompile Include="..\..\examples\ThirdPartyLibs\Gwen\events.cpp">
      <Filter>examples\ThirdPartyLibs\Gwen</Filter>
    </ClCompile>
    <ClCompile Include="..\..\examples\ThirdPartyLibs\Gwen\Gwen.cpp">
      <Filter>examples\ThirdPartyLibs\Gwen</Filter>
    </ClCompile>
    <ClCompile Include="..\..\examples\ThirdPartyLibs\Gwen\Hook.cpp">
      <Filter>examples\ThirdPartyLibs\Gwen</Filter>
    </ClCompile>
    <ClCompile Include="..\..\examples\ThirdPartyLibs\Gwen\inputhandler.cpp">
      <Filter>examples\ThirdPartyLibs\Gwen</Filter>
    </ClCompile>
    <ClCompile Include="..\..\examples\ThirdPartyLibs\Gwen\Skin.cpp">
      <Filter>examples\ThirdPartyLibs\Gwen</Filter>
    </ClCompile>
    <ClCompile Include="..\..\examples\ThirdPartyLibs\Gwen\ToolTip.cpp">
      <Filter>examples\ThirdPartyLibs\Gwen</Filter>
    </ClCompile>
    <ClCompile Include="..\..\examples\ThirdPartyLibs\Gwen\Utility.cpp">
      <Filter>examples\ThirdPartyLibs\Gwen</Filter>
    </ClCompile>
    <ClCompile Include="..\..\examples\ThirdPartyLibs\Gwen\Controls\Base.cpp">
      <Filter>examples\ThirdPartyLibs\Gwen\Controls</Filter>
    </ClCompile>
    <ClCompile Include="..\..\examples\ThirdPartyLibs\Gwen\Controls\Button.cpp">
      <Filter>examples\ThirdPartyLibs\Gwen\Controls</Filter>
    </ClCompile>
    <ClCompile Include="..\..\examples\ThirdPartyLibs\Gwen\Controls\Canvas.cpp">
      <Filter>examples\ThirdPartyLibs\Gwen\Controls</Filter>
    </ClCompile>
    <ClCompile Include="..\..\examples\ThirdPartyLibs\Gwen\Controls\CheckBox.cpp">
      <Filter>examples\ThirdPartyLibs\Gwen\Controls</Filter>
    </ClCompile>
    <ClCompile Include="..\..\examples\ThirdPartyLibs\Gwen\Controls\ColorControls.cpp">
      <Filter>examples\ThirdPartyLibs\Gwen\Controls</Filter>
    </ClCompile>
    <ClCompile Include="..\..\examples\ThirdPartyLibs\Gwen\Controls\ColorPicker.cpp">
      <Filter>examples\ThirdPartyLibs\Gwen\Controls</Filter>
    </ClCompile>
    <ClCompile Include="..\..\examples\ThirdPartyLibs\Gwen\Controls\ComboBox.cpp">
      <Filter>examples\ThirdPartyLibs\Gwen\Controls</Filter>
    </ClCompile>
    <ClCompile Include="..\..\examples\ThirdPartyLibs\Gwen\Controls\CrossSplitter.cpp">
      <Filter>examples\ThirdPartyLibs\Gwen\Controls</Filter>
    </ClCompile>
    <ClCompile Include="..\..\examples\ThirdPartyLibs\Gwen\Controls\DockBase.cpp">
      <Filter>examples\ThirdPartyLibs\Gwen\Controls</Filter>
    </ClCompile>
    <ClCompile Include="..\..\examples\ThirdPartyLibs\Gwen\Controls\DockedTabControl.cpp">
      <Filter>examples\ThirdPartyLibs\Gwen\Controls</Filter>
    </ClCompile>
    <ClCompile Include="..\..\examples\ThirdPartyLibs\Gwen\Controls\Dragger.cpp">
      <Filter>examples\ThirdPartyLibs\Gwen\Controls</Filter>
    </ClCompile>
    <ClCompile Include="..\..\examples\ThirdPartyLibs\Gwen\Controls\GroupBox.cpp">
      <Filter>examples\ThirdPartyLibs\Gwen\Controls</Filter>
    </ClCompile>
    <ClCompile Include="..\..\examples\ThirdPartyLibs\Gwen\Controls\HorizontalScrollBar.cpp">
      <Filter>examples\ThirdPartyLibs\Gwen\Controls</Filter>
    </ClCompile>
    <ClCompile Include="..\..\examples\ThirdPartyLibs\Gwen\Controls\HorizontalSlider.cpp">
      <Filter>examples\ThirdPartyLibs\Gwen\Controls</Filter>
    </ClCompile>
    <ClCompile Include="..\..\examples\ThirdPartyLibs\Gwen\Controls\HSVColorPicker.cpp">
      <Filter>examples\ThirdPartyLibs\Gwen\Controls</Filter>
    </ClCompile>
    <ClCompile Include="..\..\examples\ThirdPartyLibs\Gwen\Controls\ImagePanel.cpp">
      <Filter>examples\ThirdPartyLibs\Gwen\Controls</Filter>
    </ClCompile>
    <ClCompile Include="..\..\examples\ThirdPartyLibs\Gwen\Controls\Label.cpp">
      <Filter>examples\ThirdPartyLibs\Gwen\Controls</Filter>
    </ClCompile>
    <ClCompile Include="..\..\examples\ThirdPartyLibs\Gwen\Controls\LabelClickable.cpp">
      <Filter>examples\ThirdPartyLibs\Gwen\Controls</Filter>
    </ClCompile>
    <ClCompile Include="..\..\examples\ThirdPartyLibs\Gwen\Controls\ListBox.cpp">
      <Filter>examples\ThirdPartyLibs\Gwen\Controls</Filter>
    </ClCompile>
    <ClCompile Include="..\..\examples\ThirdPartyLibs\Gwen\Controls\Menu.cpp">
      <Filter>examples\ThirdPartyLibs\Gwen\Controls</Filter>
    </ClCompile>
    <ClCompile Include="..\..\examples\ThirdPartyLibs\Gwen\Controls\MenuItem.cpp">
      <Filter>examples\ThirdPartyLibs\Gwen\Controls</Filter>
    </ClCompile>
    <ClCompile Include="..\..\examples\ThirdPartyLibs\Gwen\Controls\MenuStrip.cpp">
      <Filter>examples\ThirdPartyLibs\Gwen\Controls</Filter>
    </ClCompile>
    <ClCompile Include="..\..\examples\ThirdPartyLibs\Gwen\Controls\NumericUpDown.cpp">
      <Filter>examples\ThirdPartyLibs\Gwen\Controls</Filter>
    </ClCompile>
    <ClCompile Include="..\..\examples\ThirdPartyLibs\Gwen\Controls\PanelListPanel.cpp">
      <Filter>examples\ThirdPartyLibs\Gwen\Controls</Filter>
    </ClCompile>
    <ClCompile Include="..\..\examples\ThirdPartyLibs\Gwen\Controls\ProgressBar.cpp">
      <Filter>examples\ThirdPartyLibs\Gwen\Controls</Filter>
    </ClCompile>
    <ClCompile Include="..\..\examples\ThirdPartyLibs\Gwen\Controls\Properties.cpp">
      <Filter>examples\ThirdPartyLibs\Gwen\Controls</Filter>
    </ClCompile>
    <ClCompile Include="..\..\examples\ThirdPartyLibs\Gwen\Controls\RadioButton.cpp">
      <Filter>examples\ThirdPartyLibs\Gwen\Controls</Filter>
    </ClCompile>
    <ClCompile Include="..\..\examples\ThirdPartyLibs\Gwen\Controls\RadioButtonController.cpp">
      <Filter>examples\ThirdPartyLibs\Gwen\Controls</Filter>
    </ClCompile>
    <ClCompile Include="..\..\examples\ThirdPartyLibs\Gwen\Controls\ResizableControl.cpp">
      <Filter>examples\ThirdPartyLibs\Gwen\Controls</Filter>
    </ClCompile>
    <ClCompile Include="..\..\examples\ThirdPartyLibs\Gwen\Controls\Resizer.cpp">
      <Filter>examples\ThirdPartyLibs\Gwen\Controls</Filter>
    </ClCompile>
    <ClCompile Include="..\..\examples\ThirdPartyLibs\Gwen\Controls\RichLabel.cpp">
      <Filter>examples\ThirdPartyLibs\Gwen\Controls</Filter>
    </ClCompile>
    <ClCompile Include="..\..\examples\ThirdPartyLibs\Gwen\Controls\ScrollBar.cpp">
      <Filter>examples\ThirdPartyLibs\Gwen\Controls</Filter>
    </ClCompile>
    <ClCompile Include="..\..\examples\ThirdPartyLibs\Gwen\Controls\ScrollBarBar.cpp">
      <Filter>examples\ThirdPartyLibs\Gwen\Controls</Filter>
    </ClCompile>
    <ClCompile Include="..\..\examples\ThirdPartyLibs\Gwen\Controls\ScrollBarButton.cpp">
      <Filter>examples\ThirdPartyLibs\Gwen\Controls</Filter>
    </ClCompile>
    <ClCompile Include="..\..\examples\ThirdPartyLibs\Gwen\Controls\ScrollControl.cpp">
      <Filter>examples\ThirdPartyLibs\Gwen\Controls</Filter>
    </ClCompile>
    <ClCompile Include="..\..\examples\ThirdPartyLibs\Gwen\Controls\Slider.cpp">
      <Filter>examples\ThirdPartyLibs\Gwen\Controls</Filter>
    </ClCompile>
    <ClCompile Include="..\..\examples\ThirdPartyLibs\Gwen\Controls\SplitterBar.cpp">
      <Filter>examples\ThirdPartyLibs\Gwen\Controls</Filter>
    </ClCompile>
    <ClCompile Include="..\..\examples\ThirdPartyLibs\Gwen\Controls\TabButton.cpp">
      <Filter>examples\ThirdPartyLibs\Gwen\Controls</Filter>
    </ClCompile>
    <ClCompile Include="..\..\examples\ThirdPartyLibs\Gwen\Controls\TabControl.cpp">
      <Filter>examples\ThirdPartyLibs\Gwen\Controls</Filter>
    </ClCompile>
    <ClCompile Include="..\..\examples\ThirdPartyLibs\Gwen\Controls\TabStrip.cpp">
      <Filter>examples\ThirdPartyLibs\Gwen\Controls</Filter>
    </ClCompile>
    <ClCompile Include="..\..\examples\ThirdPartyLibs\Gwen\Controls\Text.cpp">
      <Filter>examples\ThirdPartyLibs\Gwen\Controls</Filter>
    </ClCompile>
    <ClCompile Include="..\..\examples\ThirdPartyLibs\Gwen\Controls\TextBox.cpp">
      <Filter>examples\ThirdPartyLibs\Gwen\Controls</Filter>
    </ClCompile>
    <ClCompile Include="..\..\examples\ThirdPartyLibs\Gwen\Controls\TextBoxNumeric.cpp">
      <Filter>examples\ThirdPartyLibs\Gwen\Controls</Filter>
    </ClCompile>
    <ClCompile Include="..\..\examples\ThirdPartyLibs\Gwen\Controls\TreeControl.cpp">
      <Filter>examples\ThirdPartyLibs\Gwen\Controls</Filter>
    </ClCompile>
    <ClCompile Include="..\..\examples\ThirdPartyLibs\Gwen\Controls\TreeNode.cpp">
      <Filter>examples\ThirdPartyLibs\Gwen\Controls</Filter>
    </ClCompile>
    <ClCompile Include="..\..\examples\ThirdPartyLibs\Gwen\Controls\VerticalScrollBar.cpp">
      <Filter>examples\ThirdPartyLibs\Gwen\Controls</Filter>
    </ClCompile>
    <ClCompile Include="..\..\examples\ThirdPartyLibs\Gwen\Controls\VerticalSlider.cpp">
      <Filter>examples\ThirdPartyLibs\Gwen\Controls</Filter>
    </ClCompile>
    <ClCompile Include="..\..\examples\ThirdPartyLibs\Gwen\Controls\WindowControl.cpp">
      <Filter>examples\ThirdPartyLibs\Gwen\Controls</Filter>
    </ClCompile>
    <ClCompile Include="..\..\examples\ThirdPartyLibs\Gwen\Controls\Dialog\FileOpen.cpp">
      <Filter>examples\ThirdPartyLibs\Gwen\Controls\Dialog</Filter>
    </ClCompile>
    <ClCompile Include="..\..\examples\ThirdPartyLibs\Gwen\Controls\Dialog\FileSave.cpp">
      <Filter>examples\ThirdPartyLibs\Gwen\Controls\Dialog</Filter>
    </ClCompile>
    <ClCompile Include="..\..\examples\ThirdPartyLibs\Gwen\Controls\Dialog\Query.cpp">
      <Filter>examples\ThirdPartyLibs\Gwen\Controls\Dialog</Filter>
    </ClCompile>
    <ClCompile Include="..\..\examples\ThirdPartyLibs\Gwen\Platforms\Null.cpp">
      <Filter>examples\ThirdPartyLibs\Gwen\Platforms</Filter>
    </ClCompile>
    <ClCompile Include="..\..\examples\ThirdPartyLibs\Gwen\Platforms\Windows.cpp">
      <Filter>examples\ThirdPartyLibs\Gwen\Platforms</Filter>
    </ClCompile>
    <ClCompile Include="..\..\examples\ThirdPartyLibs\Gwen\Renderers\OpenGL_DebugFont.cpp">
      <Filter>examples\ThirdPartyLibs\Gwen\Renderers</Filter>
    </ClCompile>
  </ItemGroup>
</Project>
