<?xml version="1.0" encoding="utf-8"?>
<Project ToolsVersion="4.0" xmlns="http://schemas.microsoft.com/developer/msbuild/2003">
  <ItemGroup>
    <Filter Include="examples">
      <UniqueIdentifier>{2E4E563A-F52D-1543-A695-C57F1368CE12}</UniqueIdentifier>
    </Filter>
    <Filter Include="examples\SharedMemory">
      <UniqueIdentifier>{9BA8B09D-A796-8C4A-A944-D95B289028E5}</UniqueIdentifier>
    </Filter>
    <Filter Include="examples\SharedMemory\plugins">
      <UniqueIdentifier>{174FAC88-B2F1-864D-BAF7-D9D33C48C670}</UniqueIdentifier>
    </Filter>
    <Filter Include="examples\SharedMemory\plugins\tinyRendererPlugin">
      <UniqueIdentifier>{7180B7F2-7D74-5F49-BB47-83F21A6518F6}</UniqueIdentifier>
    </Filter>
    <Filter Include="examples\Importers">
      <UniqueIdentifier>{D2818687-8330-FD4D-ACF1-6A9449784B66}</UniqueIdentifier>
    </Filter>
    <Filter Include="examples\Importers\ImportColladaDemo">
      <UniqueIdentifier>{67C48622-9620-9540-8906-21155AD4941C}</UniqueIdentifier>
    </Filter>
    <Filter Include="examples\Importers\ImportMeshUtility">
      <UniqueIdentifier>{342CF179-2091-754D-8073-E98DDAAEAF38}</UniqueIdentifier>
    </Filter>
    <Filter Include="examples\Importers\ImportObjDemo">
      <UniqueIdentifier>{7A3F199E-03C4-3F4F-ABEE-185DC949651E}</UniqueIdentifier>
    </Filter>
    <Filter Include="examples\TinyRenderer">
      <UniqueIdentifier>{E8EF7F24-D7D9-DC48-A54A-0BC00BF2F1C3}</UniqueIdentifier>
    </Filter>
    <Filter Include="examples\ThirdPartyLibs">
      <UniqueIdentifier>{7C9860C8-CF0B-0D49-AC9E-D53CF792AFAB}</UniqueIdentifier>
    </Filter>
    <Filter Include="examples\ThirdPartyLibs\Wavefront">
      <UniqueIdentifier>{D00D5BDE-511B-3C45-AE43-0270861C2491}</UniqueIdentifier>
    </Filter>
    <Filter Include="examples\ThirdPartyLibs\stb_image">
      <UniqueIdentifier>{9DABEBD6-D5D3-7447-9AB0-EF5C74664365}</UniqueIdentifier>
    </Filter>
    <Filter Include="examples\ThirdPartyLibs\tinyxml2">
      <UniqueIdentifier>{C8156596-9C05-B34A-A5F1-64507320848B}</UniqueIdentifier>
    </Filter>
    <Filter Include="examples\OpenGLWindow">
      <UniqueIdentifier>{09F89946-1C94-BE4A-8B10-5A9D1708EBEF}</UniqueIdentifier>
    </Filter>
    <Filter Include="examples\Utils">
      <UniqueIdentifier>{3035CBB0-DAC1-B54D-BE2A-924DA3C57D0D}</UniqueIdentifier>
    </Filter>
  </ItemGroup>
  <ItemGroup>
    <ClInclude Include="..\..\examples\SharedMemory\plugins\tinyRendererPlugin\tinyRendererPlugin.h">
      <Filter>examples\SharedMemory\plugins\tinyRendererPlugin</Filter>
    </ClInclude>
    <ClInclude Include="..\..\examples\SharedMemory\plugins\tinyRendererPlugin\TinyRendererVisualShapeConverter.h">
      <Filter>examples\SharedMemory\plugins\tinyRendererPlugin</Filter>
    </ClInclude>
    <ClInclude Include="..\..\examples\Importers\ImportColladaDemo\LoadMeshFromCollada.h">
      <Filter>examples\Importers\ImportColladaDemo</Filter>
    </ClInclude>
    <ClInclude Include="..\..\examples\Importers\ImportMeshUtility\b3ImportMeshUtility.h">
      <Filter>examples\Importers\ImportMeshUtility</Filter>
    </ClInclude>
    <ClInclude Include="..\..\examples\Importers\ImportObjDemo\LoadMeshFromObj.h">
      <Filter>examples\Importers\ImportObjDemo</Filter>
    </ClInclude>
    <ClInclude Include="..\..\examples\Importers\ImportObjDemo\Wavefront2GLInstanceGraphicsShape.h">
      <Filter>examples\Importers\ImportObjDemo</Filter>
    </ClInclude>
    <ClInclude Include="..\..\examples\ThirdPartyLibs\Wavefront\tiny_obj_loader.h">
      <Filter>examples\ThirdPartyLibs\Wavefront</Filter>
    </ClInclude>
    <ClInclude Include="..\..\examples\ThirdPartyLibs\stb_image\stb_image.h">
      <Filter>examples\ThirdPartyLibs\stb_image</Filter>
    </ClInclude>
    <ClInclude Include="..\..\examples\ThirdPartyLibs\tinyxml2\tinyxml2.h">
      <Filter>examples\ThirdPartyLibs\tinyxml2</Filter>
    </ClInclude>
    <ClInclude Include="..\..\examples\OpenGLWindow\SimpleCamera.h">
      <Filter>examples\OpenGLWindow</Filter>
    </ClInclude>
    <ClInclude Include="..\..\examples\Utils\b3Clock.h">
      <Filter>examples\Utils</Filter>
    </ClInclude>
    <ClInclude Include="..\..\examples\Utils\b3ResourcePath.h">
      <Filter>examples\Utils</Filter>
    </ClInclude>
  </ItemGroup>
  <ItemGroup>
    <ClCompile Include="..\..\examples\SharedMemory\plugins\tinyRendererPlugin\tinyRendererPlugin.cpp">
      <Filter>examples\SharedMemory\plugins\tinyRendererPlugin</Filter>
    </ClCompile>
    <ClCompile Include="..\..\examples\SharedMemory\plugins\tinyRendererPlugin\TinyRendererVisualShapeConverter.cpp">
      <Filter>examples\SharedMemory\plugins\tinyRendererPlugin</Filter>
    </ClCompile>
    <ClCompile Include="..\..\examples\Importers\ImportColladaDemo\LoadMeshFromCollada.cpp">
      <Filter>examples\Importers\ImportColladaDemo</Filter>
    </ClCompile>
    <ClCompile Include="..\..\examples\Importers\ImportMeshUtility\b3ImportMeshUtility.cpp">
      <Filter>examples\Importers\ImportMeshUtility</Filter>
    </ClCompile>
    <ClCompile Include="..\..\examples\Importers\ImportObjDemo\LoadMeshFromObj.cpp">
      <Filter>examples\Importers\ImportObjDemo</Filter>
    </ClCompile>
    <ClCompile Include="..\..\examples\Importers\ImportObjDemo\Wavefront2GLInstanceGraphicsShape.cpp">
      <Filter>examples\Importers\ImportObjDemo</Filter>
    </ClCompile>
    <ClCompile Include="..\..\examples\TinyRenderer\geometry.cpp">
      <Filter>examples\TinyRenderer</Filter>
    </ClCompile>
    <ClCompile Include="..\..\examples\TinyRenderer\model.cpp">
      <Filter>examples\TinyRenderer</Filter>
    </ClCompile>
    <ClCompile Include="..\..\examples\TinyRenderer\our_gl.cpp">
      <Filter>examples\TinyRenderer</Filter>
    </ClCompile>
    <ClCompile Include="..\..\examples\TinyRenderer\tgaimage.cpp">
      <Filter>examples\TinyRenderer</Filter>
    </ClCompile>
    <ClCompile Include="..\..\examples\TinyRenderer\TinyRenderer.cpp">
      <Filter>examples\TinyRenderer</Filter>
    </ClCompile>
    <ClCompile Include="..\..\examples\ThirdPartyLibs\Wavefront\tiny_obj_loader.cpp">
      <Filter>examples\ThirdPartyLibs\Wavefront</Filter>
    </ClCompile>
    <ClCompile Include="..\..\examples\ThirdPartyLibs\stb_image\stb_image.cpp">
      <Filter>examples\ThirdPartyLibs\stb_image</Filter>
    </ClCompile>
    <ClCompile Include="..\..\examples\ThirdPartyLibs\tinyxml2\tinyxml2.cpp">
      <Filter>examples\ThirdPartyLibs\tinyxml2</Filter>
    </ClCompile>
    <ClCompile Include="..\..\examples\OpenGLWindow\SimpleCamera.cpp">
      <Filter>examples\OpenGLWindow</Filter>
    </ClCompile>
    <ClCompile Include="..\..\examples\Utils\b3Clock.cpp">
      <Filter>examples\Utils</Filter>
    </ClCompile>
    <ClCompile Include="..\..\examples\Utils\b3ResourcePath.cpp">
      <Filter>examples\Utils</Filter>
    </ClCompile>
  </ItemGroup>
</Project>
